{
    "annotationProcessor": {
        "com.fasterxml.jackson:jackson-bom": {
            "locked": "2.12.3"
        },
        "org.jetbrains.kotlin:kotlin-bom": {
            "locked": "1.5.21"
        },
        "org.springframework.boot:spring-boot-autoconfigure-processor": {
            "locked": "2.3.9.RELEASE"
        },
        "org.springframework.boot:spring-boot-configuration-processor": {
            "locked": "2.3.9.RELEASE"
        },
        "org.springframework.boot:spring-boot-dependencies": {
            "locked": "2.3.9.RELEASE"
        },
        "org.springframework.cloud:spring-cloud-dependencies": {
            "locked": "Hoxton.SR10"
        },
        "org.springframework.security:spring-security-bom": {
            "locked": "5.3.9.RELEASE"
        },
        "org.springframework:spring-framework-bom": {
            "locked": "5.2.13.RELEASE"
        }
    },
    "compileClasspath": {
        "com.fasterxml.jackson.core:jackson-annotations": {
            "locked": "2.12.3"
        },
        "com.fasterxml.jackson:jackson-bom": {
            "locked": "2.12.3"
        },
        "com.graphql-java:graphql-java": {
            "locked": "16.2"
        },
        "com.netflix.graphql.dgs:graphql-dgs-platform": {
            "project": true
        },
        "org.jetbrains.kotlin:kotlin-bom": {
            "locked": "1.5.21"
        },
        "org.jetbrains.kotlin:kotlin-stdlib-jdk8": {
            "locked": "1.5.21"
        },
        "org.springframework.boot:spring-boot-dependencies": {
            "locked": "2.3.9.RELEASE"
        },
        "org.springframework.cloud:spring-cloud-dependencies": {
            "locked": "Hoxton.SR10"
        },
        "org.springframework.security:spring-security-bom": {
            "locked": "5.3.9.RELEASE"
        },
        "org.springframework:spring-framework-bom": {
            "locked": "5.2.13.RELEASE"
        }
    },
    "kapt": {
        "org.springframework.boot:spring-boot-autoconfigure-processor": {
            "locked": "2.3.9.RELEASE"
        },
        "org.springframework.boot:spring-boot-configuration-processor": {
            "locked": "2.3.9.RELEASE"
        }
    },
    "kaptClasspath_kaptKotlin": {
        "org.springframework.boot:spring-boot-autoconfigure-processor": {
            "locked": "2.3.9.RELEASE"
        },
        "org.springframework.boot:spring-boot-configuration-processor": {
            "locked": "2.3.9.RELEASE"
        }
    },
    "kaptTest": {
        "org.springframework.boot:spring-boot-autoconfigure-processor": {
            "locked": "2.3.9.RELEASE"
        },
        "org.springframework.boot:spring-boot-configuration-processor": {
            "locked": "2.3.9.RELEASE"
        }
    },
    "kotlinCompilerClasspath": {
        "com.fasterxml.jackson:jackson-bom": {
            "locked": "2.12.3"
        },
        "org.jetbrains.kotlin:kotlin-bom": {
            "locked": "1.5.21"
        },
        "org.jetbrains.kotlin:kotlin-compiler-embeddable": {
            "locked": "1.5.21"
        },
        "org.springframework.boot:spring-boot-dependencies": {
            "locked": "2.3.9.RELEASE"
        },
        "org.springframework.cloud:spring-cloud-dependencies": {
            "locked": "Hoxton.SR10"
        },
        "org.springframework.security:spring-security-bom": {
            "locked": "5.3.9.RELEASE"
        },
        "org.springframework:spring-framework-bom": {
            "locked": "5.2.13.RELEASE"
        }
    },
    "kotlinCompilerPluginClasspath": {
        "com.fasterxml.jackson:jackson-bom": {
            "locked": "2.12.3"
        },
        "org.jetbrains.kotlin:kotlin-bom": {
            "locked": "1.5.21"
        },
        "org.springframework.boot:spring-boot-dependencies": {
            "locked": "2.3.9.RELEASE"
        },
        "org.springframework.cloud:spring-cloud-dependencies": {
            "locked": "Hoxton.SR10"
        },
        "org.springframework.security:spring-security-bom": {
            "locked": "5.3.9.RELEASE"
        },
        "org.springframework:spring-framework-bom": {
            "locked": "5.2.13.RELEASE"
        }
    },
    "kotlinCompilerPluginClasspathMain": {
        "com.fasterxml.jackson:jackson-bom": {
            "locked": "2.12.3"
        },
        "org.jetbrains.kotlin:kotlin-annotation-processing-gradle": {
            "locked": "1.5.21"
        },
        "org.jetbrains.kotlin:kotlin-bom": {
            "locked": "1.5.21"
        },
        "org.jetbrains.kotlin:kotlin-scripting-compiler-embeddable": {
            "locked": "1.5.21"
        },
        "org.springframework.boot:spring-boot-dependencies": {
            "locked": "2.3.9.RELEASE"
        },
        "org.springframework.cloud:spring-cloud-dependencies": {
            "locked": "Hoxton.SR10"
        },
        "org.springframework.security:spring-security-bom": {
            "locked": "5.3.9.RELEASE"
        },
        "org.springframework:spring-framework-bom": {
            "locked": "5.2.13.RELEASE"
        }
    },
    "kotlinCompilerPluginClasspathTest": {
        "com.fasterxml.jackson:jackson-bom": {
            "locked": "2.12.3"
        },
        "org.jetbrains.kotlin:kotlin-annotation-processing-gradle": {
            "locked": "1.5.21"
        },
        "org.jetbrains.kotlin:kotlin-bom": {
            "locked": "1.5.21"
        },
        "org.jetbrains.kotlin:kotlin-scripting-compiler-embeddable": {
            "locked": "1.5.21"
        },
        "org.springframework.boot:spring-boot-dependencies": {
            "locked": "2.3.9.RELEASE"
        },
        "org.springframework.cloud:spring-cloud-dependencies": {
            "locked": "Hoxton.SR10"
        },
        "org.springframework.security:spring-security-bom": {
            "locked": "5.3.9.RELEASE"
        },
        "org.springframework:spring-framework-bom": {
            "locked": "5.2.13.RELEASE"
        }
    },
    "kotlinKaptWorkerDependencies": {
        "org.jetbrains.kotlin:kotlin-annotation-processing-gradle": {
            "locked": "1.5.21"
        }
    },
    "kotlinKlibCommonizerClasspath": {
        "com.fasterxml.jackson:jackson-bom": {
            "locked": "2.12.3"
        },
        "org.jetbrains.kotlin:kotlin-bom": {
            "locked": "1.5.21"
        },
        "org.jetbrains.kotlin:kotlin-klib-commonizer-embeddable": {
            "locked": "1.5.21"
        },
        "org.springframework.boot:spring-boot-dependencies": {
            "locked": "2.3.9.RELEASE"
        },
        "org.springframework.cloud:spring-cloud-dependencies": {
            "locked": "Hoxton.SR10"
        },
        "org.springframework.security:spring-security-bom": {
            "locked": "5.3.9.RELEASE"
        },
        "org.springframework:spring-framework-bom": {
            "locked": "5.2.13.RELEASE"
        }
    },
    "kotlinNativeCompilerPluginClasspath": {
        "com.fasterxml.jackson:jackson-bom": {
            "locked": "2.12.3"
        },
        "org.jetbrains.kotlin:kotlin-bom": {
            "locked": "1.5.21"
        },
        "org.springframework.boot:spring-boot-dependencies": {
            "locked": "2.3.9.RELEASE"
        },
        "org.springframework.cloud:spring-cloud-dependencies": {
            "locked": "Hoxton.SR10"
        },
        "org.springframework.security:spring-security-bom": {
            "locked": "5.3.9.RELEASE"
        },
        "org.springframework:spring-framework-bom": {
            "locked": "5.2.13.RELEASE"
        }
    },
    "ktlint": {
        "com.pinterest:ktlint": {
            "locked": "0.40.0"
        }
    },
    "nebulaRecommenderBom": {
        "com.fasterxml.jackson:jackson-bom": {
            "locked": "2.12.3"
        },
        "org.jetbrains.kotlin:kotlin-bom": {
            "locked": "1.5.21"
        },
        "org.springframework.boot:spring-boot-dependencies": {
            "locked": "2.3.9.RELEASE"
        },
        "org.springframework.cloud:spring-cloud-dependencies": {
            "locked": "Hoxton.SR10"
        },
        "org.springframework.security:spring-security-bom": {
            "locked": "5.3.9.RELEASE"
        },
        "org.springframework:spring-framework-bom": {
            "locked": "5.2.13.RELEASE"
        }
    },
    "runtimeClasspath": {
        "com.fasterxml.jackson.core:jackson-annotations": {
            "locked": "2.12.3"
        },
        "com.fasterxml.jackson:jackson-bom": {
            "locked": "2.12.3"
        },
        "com.graphql-java:graphql-java": {
            "locked": "16.2"
        },
        "com.netflix.graphql.dgs:graphql-dgs-platform": {
            "project": true
        },
        "org.jetbrains.kotlin:kotlin-bom": {
            "locked": "1.5.21"
        },
        "org.jetbrains.kotlin:kotlin-stdlib-jdk8": {
            "locked": "1.5.21"
        },
        "org.springframework.boot:spring-boot-dependencies": {
            "locked": "2.3.9.RELEASE"
        },
        "org.springframework.cloud:spring-cloud-dependencies": {
            "locked": "Hoxton.SR10"
        },
        "org.springframework.security:spring-security-bom": {
            "locked": "5.3.9.RELEASE"
        },
        "org.springframework:spring-framework-bom": {
            "locked": "5.2.13.RELEASE"
        }
    },
    "testAnnotationProcessor": {
        "com.fasterxml.jackson:jackson-bom": {
            "locked": "2.12.3"
        },
        "org.jetbrains.kotlin:kotlin-bom": {
            "locked": "1.5.21"
        },
        "org.springframework.boot:spring-boot-dependencies": {
            "locked": "2.3.9.RELEASE"
        },
        "org.springframework.cloud:spring-cloud-dependencies": {
            "locked": "Hoxton.SR10"
        },
        "org.springframework.security:spring-security-bom": {
            "locked": "5.3.9.RELEASE"
        },
        "org.springframework:spring-framework-bom": {
            "locked": "5.2.13.RELEASE"
        }
    },
    "testCompileClasspath": {
        "com.fasterxml.jackson.core:jackson-annotations": {
            "locked": "2.12.3"
        },
        "com.fasterxml.jackson.module:jackson-module-kotlin": {
            "locked": "2.12.3"
        },
        "com.fasterxml.jackson:jackson-bom": {
            "locked": "2.12.3"
        },
        "com.graphql-java:graphql-java": {
            "locked": "16.2"
        },
        "com.netflix.graphql.dgs:graphql-dgs-platform": {
            "project": true
        },
        "io.mockk:mockk": {
            "locked": "1.12.0"
        },
        "org.jetbrains.kotlin:kotlin-bom": {
            "locked": "1.5.21"
        },
        "org.jetbrains.kotlin:kotlin-stdlib-jdk8": {
            "locked": "1.5.21"
        },
        "org.springframework.boot:spring-boot-dependencies": {
            "locked": "2.3.9.RELEASE"
        },
        "org.springframework.boot:spring-boot-starter-test": {
            "locked": "2.3.9.RELEASE"
        },
        "org.springframework.cloud:spring-cloud-dependencies": {
            "locked": "Hoxton.SR10"
        },
        "org.springframework.security:spring-security-bom": {
            "locked": "5.3.9.RELEASE"
        },
        "org.springframework:spring-framework-bom": {
            "locked": "5.2.13.RELEASE"
        }
    },
    "testRuntimeClasspath": {
        "com.fasterxml.jackson.core:jackson-annotations": {
            "locked": "2.12.3"
        },
        "com.fasterxml.jackson.module:jackson-module-kotlin": {
            "locked": "2.12.3"
        },
        "com.fasterxml.jackson:jackson-bom": {
            "locked": "2.12.3"
        },
        "com.graphql-java:graphql-java": {
            "locked": "16.2"
        },
        "com.netflix.graphql.dgs:graphql-dgs-platform": {
            "project": true
        },
        "io.mockk:mockk": {
            "locked": "1.12.0"
        },
        "org.jetbrains.kotlin:kotlin-bom": {
            "locked": "1.5.21"
        },
        "org.jetbrains.kotlin:kotlin-stdlib-jdk8": {
            "locked": "1.5.21"
        },
        "org.springframework.boot:spring-boot-dependencies": {
            "locked": "2.3.9.RELEASE"
        },
        "org.springframework.boot:spring-boot-starter-test": {
            "locked": "2.3.9.RELEASE"
        },
        "org.springframework.cloud:spring-cloud-dependencies": {
            "locked": "Hoxton.SR10"
        },
        "org.springframework.security:spring-security-bom": {
            "locked": "5.3.9.RELEASE"
        },
        "org.springframework:spring-framework-bom": {
            "locked": "5.2.13.RELEASE"
        }
    }
}