{
    "nebulaRecommenderBom": {
        "com.fasterxml.jackson:jackson-bom": {
            "locked": "2.13.4"
        },
        "org.jetbrains.kotlin:kotlin-bom": {
            "locked": "1.7.20"
        },
        "org.springframework.boot:spring-boot-dependencies": {
            "locked": "3.0.0-M5"
        },
        "org.springframework.cloud:spring-cloud-dependencies": {
            "locked": "2022.0.0-M5"
        },
        "org.springframework.security:spring-security-bom": {
            "locked": "6.0.0-RC1"
        },
        "org.springframework:spring-framework-bom": {
            "locked": "6.0.0-RC1"
        }
    }
}