{
    "annotationProcessor": {
        "com.fasterxml.jackson:jackson-bom": {
            "locked": "2.12.5"
        },
        "org.jetbrains.kotlin:kotlin-bom": {
            "locked": "1.5.31"
        },
        "org.springframework.boot:spring-boot-dependencies": {
            "locked": "2.5.6"
        },
        "org.springframework.cloud:spring-cloud-dependencies": {
            "locked": "Hoxton.SR11"
        },
        "org.springframework.security:spring-security-bom": {
            "locked": "5.5.3"
        },
        "org.springframework:spring-framework-bom": {
            "locked": "5.3.12"
        }
    },
    "apiDependenciesMetadata": {
        "org.jetbrains.kotlin:kotlin-stdlib-jdk8": {
            "locked": "1.5.31"
        }
    },
    "compileClasspath": {
        "com.fasterxml.jackson:jackson-bom": {
            "locked": "2.12.5"
        },
        "org.jetbrains.kotlin:kotlin-bom": {
            "locked": "1.5.31"
        },
        "org.jetbrains.kotlin:kotlin-stdlib-jdk8": {
            "locked": "1.5.31"
        },
        "org.springframework.boot:spring-boot-dependencies": {
            "locked": "2.5.6"
        },
        "org.springframework.cloud:spring-cloud-dependencies": {
            "locked": "Hoxton.SR11"
        },
        "org.springframework.security:spring-security-bom": {
            "locked": "5.5.3"
        },
        "org.springframework:spring-framework-bom": {
            "locked": "5.3.12"
        }
    },
    "implementationDependenciesMetadata": {
        "org.jetbrains.kotlin:kotlin-stdlib-jdk8": {
            "locked": "1.5.31"
        }
    },
    "kotlinCompilerClasspath": {
        "com.fasterxml.jackson:jackson-bom": {
            "locked": "2.12.5"
        },
        "org.jetbrains.kotlin:kotlin-bom": {
            "locked": "1.5.31"
        },
        "org.jetbrains.kotlin:kotlin-compiler-embeddable": {
            "locked": "1.5.31"
        },
        "org.springframework.boot:spring-boot-dependencies": {
            "locked": "2.5.6"
        },
        "org.springframework.cloud:spring-cloud-dependencies": {
            "locked": "Hoxton.SR11"
        },
        "org.springframework.security:spring-security-bom": {
            "locked": "5.5.3"
        },
        "org.springframework:spring-framework-bom": {
            "locked": "5.3.12"
        }
    },
    "kotlinCompilerPluginClasspath": {
        "com.fasterxml.jackson:jackson-bom": {
            "locked": "2.12.5"
        },
        "org.jetbrains.kotlin:kotlin-bom": {
            "locked": "1.5.31"
        },
        "org.springframework.boot:spring-boot-dependencies": {
            "locked": "2.5.6"
        },
        "org.springframework.cloud:spring-cloud-dependencies": {
            "locked": "Hoxton.SR11"
        },
        "org.springframework.security:spring-security-bom": {
            "locked": "5.5.3"
        },
        "org.springframework:spring-framework-bom": {
            "locked": "5.3.12"
        }
    },
    "kotlinCompilerPluginClasspathMain": {
        "com.fasterxml.jackson:jackson-bom": {
            "locked": "2.12.5"
        },
        "org.jetbrains.kotlin:kotlin-annotation-processing-gradle": {
            "locked": "1.5.31"
        },
        "org.jetbrains.kotlin:kotlin-bom": {
            "locked": "1.5.31"
        },
        "org.jetbrains.kotlin:kotlin-scripting-compiler-embeddable": {
            "locked": "1.5.31"
        },
        "org.springframework.boot:spring-boot-dependencies": {
            "locked": "2.5.6"
        },
        "org.springframework.cloud:spring-cloud-dependencies": {
            "locked": "Hoxton.SR11"
        },
        "org.springframework.security:spring-security-bom": {
            "locked": "5.5.3"
        },
        "org.springframework:spring-framework-bom": {
            "locked": "5.3.12"
        }
    },
    "kotlinCompilerPluginClasspathTest": {
        "com.fasterxml.jackson:jackson-bom": {
            "locked": "2.12.5"
        },
        "org.jetbrains.kotlin:kotlin-annotation-processing-gradle": {
            "locked": "1.5.31"
        },
        "org.jetbrains.kotlin:kotlin-bom": {
            "locked": "1.5.31"
        },
        "org.jetbrains.kotlin:kotlin-scripting-compiler-embeddable": {
            "locked": "1.5.31"
        },
        "org.springframework.boot:spring-boot-dependencies": {
            "locked": "2.5.6"
        },
        "org.springframework.cloud:spring-cloud-dependencies": {
            "locked": "Hoxton.SR11"
        },
        "org.springframework.security:spring-security-bom": {
            "locked": "5.5.3"
        },
        "org.springframework:spring-framework-bom": {
            "locked": "5.3.12"
        }
    },
    "kotlinKaptWorkerDependencies": {
        "org.jetbrains.kotlin:kotlin-annotation-processing-gradle": {
            "locked": "1.5.31"
        }
    },
    "kotlinKlibCommonizerClasspath": {
        "com.fasterxml.jackson:jackson-bom": {
            "locked": "2.12.5"
        },
        "org.jetbrains.kotlin:kotlin-bom": {
            "locked": "1.5.31"
        },
        "org.jetbrains.kotlin:kotlin-klib-commonizer-embeddable": {
            "locked": "1.5.31"
        },
        "org.springframework.boot:spring-boot-dependencies": {
            "locked": "2.5.6"
        },
        "org.springframework.cloud:spring-cloud-dependencies": {
            "locked": "Hoxton.SR11"
        },
        "org.springframework.security:spring-security-bom": {
            "locked": "5.5.3"
        },
        "org.springframework:spring-framework-bom": {
            "locked": "5.3.12"
        }
    },
    "kotlinNativeCompilerPluginClasspath": {
        "com.fasterxml.jackson:jackson-bom": {
            "locked": "2.12.5"
        },
        "org.jetbrains.kotlin:kotlin-bom": {
            "locked": "1.5.31"
        },
        "org.springframework.boot:spring-boot-dependencies": {
            "locked": "2.5.6"
        },
        "org.springframework.cloud:spring-cloud-dependencies": {
            "locked": "Hoxton.SR11"
        },
        "org.springframework.security:spring-security-bom": {
            "locked": "5.5.3"
        },
        "org.springframework:spring-framework-bom": {
            "locked": "5.3.12"
        }
    },
    "nebulaRecommenderBom": {
        "com.fasterxml.jackson:jackson-bom": {
            "locked": "2.12.5"
        },
        "org.jetbrains.kotlin:kotlin-bom": {
            "locked": "1.5.31"
        },
        "org.springframework.boot:spring-boot-dependencies": {
            "locked": "2.5.6"
        },
        "org.springframework.cloud:spring-cloud-dependencies": {
            "locked": "Hoxton.SR11"
        },
        "org.springframework.security:spring-security-bom": {
            "locked": "5.5.3"
        },
        "org.springframework:spring-framework-bom": {
            "locked": "5.3.12"
        }
    },
    "runtimeClasspath": {
        "com.fasterxml.jackson:jackson-bom": {
            "locked": "2.12.5"
        },
        "org.jetbrains.kotlin:kotlin-bom": {
            "locked": "1.5.31"
        },
        "org.jetbrains.kotlin:kotlin-stdlib-jdk8": {
            "locked": "1.5.31"
        },
        "org.springframework.boot:spring-boot-dependencies": {
            "locked": "2.5.6"
        },
        "org.springframework.cloud:spring-cloud-dependencies": {
            "locked": "Hoxton.SR11"
        },
        "org.springframework.security:spring-security-bom": {
            "locked": "5.5.3"
        },
        "org.springframework:spring-framework-bom": {
            "locked": "5.3.12"
        }
    },
    "testAnnotationProcessor": {
        "com.fasterxml.jackson:jackson-bom": {
            "locked": "2.12.5"
        },
        "org.jetbrains.kotlin:kotlin-bom": {
            "locked": "1.5.31"
        },
        "org.springframework.boot:spring-boot-dependencies": {
            "locked": "2.5.6"
        },
        "org.springframework.cloud:spring-cloud-dependencies": {
            "locked": "Hoxton.SR11"
        },
        "org.springframework.security:spring-security-bom": {
            "locked": "5.5.3"
        },
        "org.springframework:spring-framework-bom": {
            "locked": "5.3.12"
        }
    },
    "testCompileClasspath": {
        "com.fasterxml.jackson:jackson-bom": {
            "locked": "2.12.5"
        },
        "org.jetbrains.kotlin:kotlin-bom": {
            "locked": "1.5.31"
        },
        "org.jetbrains.kotlin:kotlin-stdlib-jdk8": {
            "locked": "1.5.31"
        },
        "org.springframework.boot:spring-boot-dependencies": {
            "locked": "2.5.6"
        },
        "org.springframework.cloud:spring-cloud-dependencies": {
            "locked": "Hoxton.SR11"
        },
        "org.springframework.security:spring-security-bom": {
            "locked": "5.5.3"
        },
        "org.springframework:spring-framework-bom": {
            "locked": "5.3.12"
        }
    },
    "testImplementationDependenciesMetadata": {
        "org.jetbrains.kotlin:kotlin-stdlib-jdk8": {
            "locked": "1.5.31"
        }
    },
    "testRuntimeClasspath": {
        "com.fasterxml.jackson:jackson-bom": {
            "locked": "2.12.5"
        },
        "org.jetbrains.kotlin:kotlin-bom": {
            "locked": "1.5.31"
        },
        "org.jetbrains.kotlin:kotlin-stdlib-jdk8": {
            "locked": "1.5.31"
        },
        "org.springframework.boot:spring-boot-dependencies": {
            "locked": "2.5.6"
        },
        "org.springframework.cloud:spring-cloud-dependencies": {
            "locked": "Hoxton.SR11"
        },
        "org.springframework.security:spring-security-bom": {
            "locked": "5.5.3"
        },
        "org.springframework:spring-framework-bom": {
            "locked": "5.3.12"
        }
    }
}