{
    "apiDependenciesMetadata": {
        "org.jetbrains.kotlin:kotlin-stdlib": {
            "locked": "1.9.24"
        }
    },
    "compileClasspath": {
        "org.jetbrains.kotlin:kotlin-stdlib": {
            "locked": "1.9.24"
        }
    },
    "implementationDependenciesMetadata": {
        "org.jetbrains.kotlin:kotlin-stdlib": {
            "locked": "1.9.24"
        }
    },
    "jmh": {
        "org.openjdk.jmh:jmh-core": {
            "locked": "1.36"
        },
        "org.openjdk.jmh:jmh-generator-bytecode": {
            "locked": "1.36"
        }
    },
    "jmhApiDependenciesMetadata": {
        "org.jetbrains.kotlin:kotlin-stdlib": {
            "locked": "1.9.24"
        }
    },
    "jmhCompileClasspath": {
        "org.jetbrains.kotlin:kotlin-stdlib": {
            "locked": "1.9.24"
        },
        "org.openjdk.jmh:jmh-core": {
            "locked": "1.36"
        },
        "org.openjdk.jmh:jmh-generator-bytecode": {
            "locked": "1.36"
        }
    },
    "jmhImplementationDependenciesMetadata": {
        "org.jetbrains.kotlin:kotlin-stdlib": {
            "locked": "1.9.24"
        },
        "org.openjdk.jmh:jmh-core": {
            "locked": "1.36"
        },
        "org.openjdk.jmh:jmh-generator-bytecode": {
            "locked": "1.36"
        }
    },
    "jmhRuntimeClasspath": {
        "org.jetbrains.kotlin:kotlin-stdlib": {
            "locked": "1.9.24"
        },
        "org.openjdk.jmh:jmh-core": {
            "locked": "1.36"
        },
        "org.openjdk.jmh:jmh-generator-bytecode": {
            "locked": "1.36"
        }
    },
    "kotlinBuildToolsApiClasspath": {
        "org.jetbrains.kotlin:kotlin-build-tools-impl": {
            "locked": "1.9.24"
        }
    },
    "kotlinCompilerClasspath": {
        "org.jetbrains.kotlin:kotlin-compiler-embeddable": {
            "locked": "1.9.24"
        }
    },
    "kotlinCompilerPluginClasspathJmh": {
        "org.jetbrains.kotlin:kotlin-annotation-processing-gradle": {
            "locked": "1.9.24"
        },
        "org.jetbrains.kotlin:kotlin-scripting-compiler-embeddable": {
            "locked": "1.9.24"
        }
    },
    "kotlinCompilerPluginClasspathMain": {
        "org.jetbrains.kotlin:kotlin-annotation-processing-gradle": {
            "locked": "1.9.24"
        },
        "org.jetbrains.kotlin:kotlin-scripting-compiler-embeddable": {
            "locked": "1.9.24"
        }
    },
    "kotlinCompilerPluginClasspathTest": {
        "org.jetbrains.kotlin:kotlin-annotation-processing-gradle": {
            "locked": "1.9.24"
        },
        "org.jetbrains.kotlin:kotlin-scripting-compiler-embeddable": {
            "locked": "1.9.24"
        }
    },
    "kotlinKaptWorkerDependencies": {
        "org.jetbrains.kotlin:kotlin-annotation-processing-gradle": {
            "locked": "1.9.24"
        },
        "org.jetbrains.kotlin:kotlin-stdlib": {
            "locked": "1.9.24"
        }
    },
    "kotlinKlibCommonizerClasspath": {
        "org.jetbrains.kotlin:kotlin-klib-commonizer-embeddable": {
            "locked": "1.9.24"
        }
    },
    "runtimeClasspath": {
        "org.jetbrains.kotlin:kotlin-stdlib": {
            "locked": "1.9.24"
        }
    },
    "testCompileClasspath": {
        "org.jetbrains.kotlin:kotlin-stdlib": {
            "locked": "1.9.24"
        }
    },
    "testImplementationDependenciesMetadata": {
        "org.jetbrains.kotlin:kotlin-stdlib": {
            "locked": "1.9.24"
        }
    },
    "testRuntimeClasspath": {
        "org.jetbrains.kotlin:kotlin-stdlib": {
            "locked": "1.9.24"
        }
    }
}