{
    "annotationProcessor": {
        "com.fasterxml.jackson:jackson-bom": {
            "locked": "2.13.2"
        },
        "org.jetbrains.kotlin:kotlin-bom": {
            "locked": "1.6.21"
        },
        "org.springframework.boot:spring-boot-autoconfigure-processor": {
            "locked": "2.6.7"
        },
        "org.springframework.boot:spring-boot-configuration-processor": {
            "locked": "2.6.7"
        },
        "org.springframework.boot:spring-boot-dependencies": {
            "locked": "2.6.7"
        },
        "org.springframework.cloud:spring-cloud-dependencies": {
            "locked": "2021.0.2"
        },
        "org.springframework.security:spring-security-bom": {
            "locked": "5.6.3"
        },
        "org.springframework:spring-framework-bom": {
            "locked": "5.3.18"
        }
    },
    "compileClasspath": {
        "com.fasterxml.jackson:jackson-bom": {
            "locked": "2.13.2"
        },
        "com.graphql-java:graphql-java": {
            "firstLevelTransitive": [
                "com.netflix.graphql.dgs:graphql-dgs",
                "com.netflix.graphql.dgs:graphql-dgs-mocking",
                "com.netflix.graphql.dgs:graphql-error-types"
            ],
            "locked": "18.1"
        },
        "com.graphql-java:graphql-java-extended-validation": {
            "locked": "17.0-hibernate-validator-6.2.0.Final"
        },
        "com.jayway.jsonpath:json-path": {
            "firstLevelTransitive": [
                "com.netflix.graphql.dgs:graphql-dgs"
            ],
            "locked": "2.6.0"
        },
        "com.netflix.graphql.dgs:graphql-dgs": {
            "project": true
        },
        "com.netflix.graphql.dgs:graphql-dgs-mocking": {
            "firstLevelTransitive": [
                "com.netflix.graphql.dgs:graphql-dgs"
            ],
            "project": true
        },
        "com.netflix.graphql.dgs:graphql-dgs-platform": {
            "firstLevelTransitive": [
                "com.netflix.graphql.dgs:graphql-dgs",
                "com.netflix.graphql.dgs:graphql-dgs-mocking",
                "com.netflix.graphql.dgs:graphql-error-types"
            ],
            "project": true
        },
        "com.netflix.graphql.dgs:graphql-error-types": {
            "firstLevelTransitive": [
                "com.netflix.graphql.dgs:graphql-dgs"
            ],
            "project": true
        },
        "org.jetbrains.kotlin:kotlin-bom": {
            "locked": "1.6.21"
        },
        "org.jetbrains.kotlin:kotlin-stdlib-jdk8": {
            "firstLevelTransitive": [
                "com.netflix.graphql.dgs:graphql-dgs",
                "com.netflix.graphql.dgs:graphql-dgs-mocking",
                "com.netflix.graphql.dgs:graphql-error-types"
            ],
            "locked": "1.6.21"
        },
        "org.springframework.boot:spring-boot-autoconfigure": {
            "locked": "2.6.7"
        },
        "org.springframework.boot:spring-boot-dependencies": {
            "locked": "2.6.7"
        },
        "org.springframework.cloud:spring-cloud-dependencies": {
            "locked": "2021.0.2"
        },
        "org.springframework.security:spring-security-bom": {
            "locked": "5.6.3"
        },
        "org.springframework:spring-framework-bom": {
            "locked": "5.3.18"
        }
    },
    "kapt": {
        "org.springframework.boot:spring-boot-autoconfigure-processor": {
            "locked": "2.6.7"
        },
        "org.springframework.boot:spring-boot-configuration-processor": {
            "locked": "2.6.7"
        }
    },
    "kaptClasspath_kaptKotlin": {
        "org.springframework.boot:spring-boot-autoconfigure-processor": {
            "locked": "2.6.7"
        },
        "org.springframework.boot:spring-boot-configuration-processor": {
            "locked": "2.6.7"
        }
    },
    "kaptTest": {
        "org.springframework.boot:spring-boot-autoconfigure-processor": {
            "locked": "2.6.7"
        },
        "org.springframework.boot:spring-boot-configuration-processor": {
            "locked": "2.6.7"
        }
    },
    "kotlinCompilerClasspath": {
        "com.fasterxml.jackson:jackson-bom": {
            "locked": "2.13.2"
        },
        "org.jetbrains.kotlin:kotlin-bom": {
            "locked": "1.6.21"
        },
        "org.jetbrains.kotlin:kotlin-compiler-embeddable": {
            "locked": "1.6.21"
        },
        "org.springframework.boot:spring-boot-dependencies": {
            "locked": "2.6.7"
        },
        "org.springframework.cloud:spring-cloud-dependencies": {
            "locked": "2021.0.2"
        },
        "org.springframework.security:spring-security-bom": {
            "locked": "5.6.3"
        },
        "org.springframework:spring-framework-bom": {
            "locked": "5.3.18"
        }
    },
    "kotlinCompilerPluginClasspath": {
        "com.fasterxml.jackson:jackson-bom": {
            "locked": "2.13.2"
        },
        "org.jetbrains.kotlin:kotlin-bom": {
            "locked": "1.6.21"
        },
        "org.springframework.boot:spring-boot-dependencies": {
            "locked": "2.6.7"
        },
        "org.springframework.cloud:spring-cloud-dependencies": {
            "locked": "2021.0.2"
        },
        "org.springframework.security:spring-security-bom": {
            "locked": "5.6.3"
        },
        "org.springframework:spring-framework-bom": {
            "locked": "5.3.18"
        }
    },
    "kotlinCompilerPluginClasspathMain": {
        "com.fasterxml.jackson:jackson-bom": {
            "locked": "2.13.2"
        },
        "org.jetbrains.kotlin:kotlin-annotation-processing-gradle": {
            "locked": "1.6.21"
        },
        "org.jetbrains.kotlin:kotlin-bom": {
            "locked": "1.6.21"
        },
        "org.jetbrains.kotlin:kotlin-scripting-compiler-embeddable": {
            "locked": "1.6.21"
        },
        "org.springframework.boot:spring-boot-dependencies": {
            "locked": "2.6.7"
        },
        "org.springframework.cloud:spring-cloud-dependencies": {
            "locked": "2021.0.2"
        },
        "org.springframework.security:spring-security-bom": {
            "locked": "5.6.3"
        },
        "org.springframework:spring-framework-bom": {
            "locked": "5.3.18"
        }
    },
    "kotlinCompilerPluginClasspathTest": {
        "com.fasterxml.jackson:jackson-bom": {
            "locked": "2.13.2"
        },
        "org.jetbrains.kotlin:kotlin-annotation-processing-gradle": {
            "locked": "1.6.21"
        },
        "org.jetbrains.kotlin:kotlin-bom": {
            "locked": "1.6.21"
        },
        "org.jetbrains.kotlin:kotlin-scripting-compiler-embeddable": {
            "locked": "1.6.21"
        },
        "org.springframework.boot:spring-boot-dependencies": {
            "locked": "2.6.7"
        },
        "org.springframework.cloud:spring-cloud-dependencies": {
            "locked": "2021.0.2"
        },
        "org.springframework.security:spring-security-bom": {
            "locked": "5.6.3"
        },
        "org.springframework:spring-framework-bom": {
            "locked": "5.3.18"
        }
    },
    "kotlinKaptWorkerDependencies": {
        "org.jetbrains.kotlin:kotlin-annotation-processing-gradle": {
            "locked": "1.6.21"
        },
        "org.jetbrains.kotlin:kotlin-stdlib": {
            "locked": "1.6.21"
        }
    },
    "kotlinKlibCommonizerClasspath": {
        "com.fasterxml.jackson:jackson-bom": {
            "locked": "2.13.2"
        },
        "org.jetbrains.kotlin:kotlin-bom": {
            "locked": "1.6.21"
        },
        "org.jetbrains.kotlin:kotlin-klib-commonizer-embeddable": {
            "locked": "1.6.21"
        },
        "org.springframework.boot:spring-boot-dependencies": {
            "locked": "2.6.7"
        },
        "org.springframework.cloud:spring-cloud-dependencies": {
            "locked": "2021.0.2"
        },
        "org.springframework.security:spring-security-bom": {
            "locked": "5.6.3"
        },
        "org.springframework:spring-framework-bom": {
            "locked": "5.3.18"
        }
    },
    "kotlinNativeCompilerPluginClasspath": {
        "com.fasterxml.jackson:jackson-bom": {
            "locked": "2.13.2"
        },
        "org.jetbrains.kotlin:kotlin-bom": {
            "locked": "1.6.21"
        },
        "org.springframework.boot:spring-boot-dependencies": {
            "locked": "2.6.7"
        },
        "org.springframework.cloud:spring-cloud-dependencies": {
            "locked": "2021.0.2"
        },
        "org.springframework.security:spring-security-bom": {
            "locked": "5.6.3"
        },
        "org.springframework:spring-framework-bom": {
            "locked": "5.3.18"
        }
    },
    "nebulaRecommenderBom": {
        "com.fasterxml.jackson:jackson-bom": {
            "locked": "2.13.2"
        },
        "org.jetbrains.kotlin:kotlin-bom": {
            "locked": "1.6.21"
        },
        "org.springframework.boot:spring-boot-dependencies": {
            "locked": "2.6.7"
        },
        "org.springframework.cloud:spring-cloud-dependencies": {
            "locked": "2021.0.2"
        },
        "org.springframework.security:spring-security-bom": {
            "locked": "5.6.3"
        },
        "org.springframework:spring-framework-bom": {
            "locked": "5.3.18"
        }
    },
    "runtimeClasspath": {
        "com.apollographql.federation:federation-graphql-java-support": {
            "firstLevelTransitive": [
                "com.netflix.graphql.dgs:graphql-dgs"
            ],
            "locked": "0.9.0"
        },
        "com.fasterxml.jackson.datatype:jackson-datatype-jsr310": {
            "firstLevelTransitive": [
                "com.netflix.graphql.dgs:graphql-dgs"
            ],
            "locked": "2.13.2"
        },
        "com.fasterxml.jackson.module:jackson-module-kotlin": {
            "firstLevelTransitive": [
                "com.netflix.graphql.dgs:graphql-dgs"
            ],
            "locked": "2.13.2"
        },
        "com.fasterxml.jackson:jackson-bom": {
            "locked": "2.13.2.1"
        },
        "com.graphql-java:graphql-java": {
            "firstLevelTransitive": [
                "com.netflix.graphql.dgs:graphql-dgs",
                "com.netflix.graphql.dgs:graphql-dgs-mocking",
                "com.netflix.graphql.dgs:graphql-error-types"
            ],
            "locked": "18.1"
        },
        "com.graphql-java:graphql-java-extended-validation": {
            "locked": "17.0-hibernate-validator-6.2.0.Final"
        },
        "com.jayway.jsonpath:json-path": {
            "firstLevelTransitive": [
                "com.netflix.graphql.dgs:graphql-dgs"
            ],
            "locked": "2.6.0"
        },
        "com.netflix.graphql.dgs:graphql-dgs": {
            "project": true
        },
        "com.netflix.graphql.dgs:graphql-dgs-mocking": {
            "firstLevelTransitive": [
                "com.netflix.graphql.dgs:graphql-dgs"
            ],
            "project": true
        },
        "com.netflix.graphql.dgs:graphql-dgs-platform": {
            "firstLevelTransitive": [
                "com.netflix.graphql.dgs:graphql-dgs",
                "com.netflix.graphql.dgs:graphql-dgs-mocking",
                "com.netflix.graphql.dgs:graphql-error-types"
            ],
            "project": true
        },
        "com.netflix.graphql.dgs:graphql-error-types": {
            "firstLevelTransitive": [
                "com.netflix.graphql.dgs:graphql-dgs"
            ],
            "project": true
        },
        "net.datafaker:datafaker": {
            "firstLevelTransitive": [
                "com.netflix.graphql.dgs:graphql-dgs-mocking"
            ],
            "locked": "1.3.0"
        },
        "org.jetbrains.kotlin:kotlin-bom": {
            "locked": "1.6.21"
        },
        "org.jetbrains.kotlin:kotlin-reflect": {
            "firstLevelTransitive": [
                "com.netflix.graphql.dgs:graphql-dgs"
            ],
            "locked": "1.6.21"
        },
        "org.jetbrains.kotlin:kotlin-stdlib-jdk8": {
            "firstLevelTransitive": [
                "com.netflix.graphql.dgs:graphql-dgs",
                "com.netflix.graphql.dgs:graphql-dgs-mocking",
                "com.netflix.graphql.dgs:graphql-error-types"
            ],
            "locked": "1.6.21"
        },
        "org.jetbrains.kotlinx:kotlinx-coroutines-core": {
            "firstLevelTransitive": [
                "com.netflix.graphql.dgs:graphql-dgs"
            ],
            "locked": "1.5.2"
        },
        "org.jetbrains.kotlinx:kotlinx-coroutines-jdk8": {
            "firstLevelTransitive": [
                "com.netflix.graphql.dgs:graphql-dgs"
            ],
            "locked": "1.5.2"
        },
        "org.jetbrains.kotlinx:kotlinx-coroutines-reactor": {
            "firstLevelTransitive": [
                "com.netflix.graphql.dgs:graphql-dgs"
            ],
            "locked": "1.5.2"
        },
        "org.slf4j:slf4j-api": {
            "firstLevelTransitive": [
                "com.netflix.graphql.dgs:graphql-dgs-mocking"
            ],
            "locked": "1.7.36"
        },
        "org.springframework.boot:spring-boot-autoconfigure": {
            "locked": "2.6.7"
        },
        "org.springframework.boot:spring-boot-dependencies": {
            "locked": "2.6.7"
        },
        "org.springframework.cloud:spring-cloud-dependencies": {
            "locked": "2021.0.2"
        },
        "org.springframework.security:spring-security-bom": {
            "locked": "5.6.3"
        },
        "org.springframework:spring-context": {
            "firstLevelTransitive": [
                "com.netflix.graphql.dgs:graphql-dgs"
            ],
            "locked": "5.3.19"
        },
        "org.springframework:spring-framework-bom": {
            "locked": "5.3.18"
        },
        "org.springframework:spring-web": {
            "firstLevelTransitive": [
                "com.netflix.graphql.dgs:graphql-dgs"
            ],
            "locked": "5.3.19"
        }
    },
    "testAnnotationProcessor": {
        "com.fasterxml.jackson:jackson-bom": {
            "locked": "2.13.2"
        },
        "org.jetbrains.kotlin:kotlin-bom": {
            "locked": "1.6.21"
        },
        "org.springframework.boot:spring-boot-dependencies": {
            "locked": "2.6.7"
        },
        "org.springframework.cloud:spring-cloud-dependencies": {
            "locked": "2021.0.2"
        },
        "org.springframework.security:spring-security-bom": {
            "locked": "5.6.3"
        },
        "org.springframework:spring-framework-bom": {
            "locked": "5.3.18"
        }
    },
    "testCompileClasspath": {
        "com.fasterxml.jackson.core:jackson-annotations": {
            "firstLevelTransitive": [
                "com.netflix.graphql.dgs:graphql-dgs-client",
                "com.netflix.graphql.dgs:graphql-dgs-subscription-types"
            ],
            "locked": "2.13.2"
        },
        "com.fasterxml.jackson:jackson-bom": {
            "locked": "2.13.2"
        },
        "com.graphql-java:graphql-java": {
            "firstLevelTransitive": [
                "com.netflix.graphql.dgs:graphql-dgs",
                "com.netflix.graphql.dgs:graphql-dgs-mocking",
                "com.netflix.graphql.dgs:graphql-dgs-subscription-types",
                "com.netflix.graphql.dgs:graphql-error-types"
            ],
            "locked": "18.1"
        },
        "com.graphql-java:graphql-java-extended-validation": {
            "locked": "17.0-hibernate-validator-6.2.0.Final"
        },
        "com.jayway.jsonpath:json-path": {
            "firstLevelTransitive": [
                "com.netflix.graphql.dgs:graphql-dgs",
                "com.netflix.graphql.dgs:graphql-dgs-client"
            ],
            "locked": "2.6.0"
        },
        "com.netflix.graphql.dgs:graphql-dgs": {
            "firstLevelTransitive": [
                "com.netflix.graphql.dgs:graphql-dgs-spring-boot-oss-autoconfigure",
                "com.netflix.graphql.dgs:graphql-dgs-spring-webmvc",
                "com.netflix.graphql.dgs:graphql-dgs-spring-webmvc-autoconfigure"
            ],
            "project": true
        },
        "com.netflix.graphql.dgs:graphql-dgs-client": {
            "firstLevelTransitive": [
                "com.netflix.graphql.dgs:graphql-dgs-spring-boot-starter"
            ],
            "project": true
        },
        "com.netflix.graphql.dgs:graphql-dgs-mocking": {
            "firstLevelTransitive": [
                "com.netflix.graphql.dgs:graphql-dgs"
            ],
            "project": true
        },
        "com.netflix.graphql.dgs:graphql-dgs-platform": {
            "firstLevelTransitive": [
                "com.netflix.graphql.dgs:graphql-dgs",
                "com.netflix.graphql.dgs:graphql-dgs-client",
                "com.netflix.graphql.dgs:graphql-dgs-mocking",
                "com.netflix.graphql.dgs:graphql-dgs-spring-boot-oss-autoconfigure",
                "com.netflix.graphql.dgs:graphql-dgs-spring-boot-starter",
                "com.netflix.graphql.dgs:graphql-dgs-spring-webmvc",
                "com.netflix.graphql.dgs:graphql-dgs-spring-webmvc-autoconfigure",
                "com.netflix.graphql.dgs:graphql-dgs-subscription-types",
                "com.netflix.graphql.dgs:graphql-error-types"
            ],
            "project": true
        },
        "com.netflix.graphql.dgs:graphql-dgs-spring-boot-oss-autoconfigure": {
            "firstLevelTransitive": [
                "com.netflix.graphql.dgs:graphql-dgs-spring-boot-starter"
            ],
            "project": true
        },
        "com.netflix.graphql.dgs:graphql-dgs-spring-boot-starter": {
            "project": true
        },
        "com.netflix.graphql.dgs:graphql-dgs-spring-webmvc": {
            "firstLevelTransitive": [
                "com.netflix.graphql.dgs:graphql-dgs-spring-webmvc-autoconfigure"
            ],
            "project": true
        },
        "com.netflix.graphql.dgs:graphql-dgs-spring-webmvc-autoconfigure": {
            "firstLevelTransitive": [
                "com.netflix.graphql.dgs:graphql-dgs-spring-boot-starter"
            ],
            "project": true
        },
        "com.netflix.graphql.dgs:graphql-dgs-subscription-types": {
            "firstLevelTransitive": [
                "com.netflix.graphql.dgs:graphql-dgs-client"
            ],
            "project": true
        },
        "com.netflix.graphql.dgs:graphql-error-types": {
            "firstLevelTransitive": [
                "com.netflix.graphql.dgs:graphql-dgs",
                "com.netflix.graphql.dgs:graphql-dgs-spring-boot-starter",
                "com.netflix.graphql.dgs:graphql-dgs-spring-webmvc"
            ],
            "project": true
        },
        "io.mockk:mockk": {
            "locked": "1.12.4"
        },
        "io.projectreactor:reactor-core": {
            "firstLevelTransitive": [
                "com.netflix.graphql.dgs:graphql-dgs-client"
            ],
            "locked": "3.4.17"
        },
        "org.jetbrains.kotlin:kotlin-bom": {
            "locked": "1.6.21"
        },
        "org.jetbrains.kotlin:kotlin-stdlib-jdk8": {
            "firstLevelTransitive": [
                "com.netflix.graphql.dgs:graphql-dgs",
                "com.netflix.graphql.dgs:graphql-dgs-client",
                "com.netflix.graphql.dgs:graphql-dgs-mocking",
                "com.netflix.graphql.dgs:graphql-dgs-spring-boot-oss-autoconfigure",
                "com.netflix.graphql.dgs:graphql-dgs-spring-boot-starter",
                "com.netflix.graphql.dgs:graphql-dgs-spring-webmvc",
                "com.netflix.graphql.dgs:graphql-dgs-spring-webmvc-autoconfigure",
                "com.netflix.graphql.dgs:graphql-dgs-subscription-types",
                "com.netflix.graphql.dgs:graphql-error-types"
            ],
            "locked": "1.6.21"
        },
        "org.springframework.boot:spring-boot-autoconfigure": {
            "locked": "2.6.7"
        },
        "org.springframework.boot:spring-boot-dependencies": {
            "locked": "2.6.7"
        },
        "org.springframework.boot:spring-boot-starter-test": {
            "locked": "2.6.7"
        },
        "org.springframework.cloud:spring-cloud-dependencies": {
            "locked": "2021.0.2"
        },
        "org.springframework.security:spring-security-bom": {
            "locked": "5.6.3"
        },
        "org.springframework:spring-framework-bom": {
            "locked": "5.3.18"
        }
    },
    "testRuntimeClasspath": {
        "com.apollographql.federation:federation-graphql-java-support": {
            "firstLevelTransitive": [
                "com.netflix.graphql.dgs:graphql-dgs"
            ],
            "locked": "0.9.0"
        },
        "com.fasterxml.jackson.core:jackson-annotations": {
            "firstLevelTransitive": [
                "com.netflix.graphql.dgs:graphql-dgs-client",
                "com.netflix.graphql.dgs:graphql-dgs-subscription-types"
            ],
            "locked": "2.13.2"
        },
        "com.fasterxml.jackson.datatype:jackson-datatype-jdk8": {
            "firstLevelTransitive": [
                "com.netflix.graphql.dgs:graphql-dgs-client"
            ],
            "locked": "2.13.2"
        },
        "com.fasterxml.jackson.datatype:jackson-datatype-jsr310": {
            "firstLevelTransitive": [
                "com.netflix.graphql.dgs:graphql-dgs",
                "com.netflix.graphql.dgs:graphql-dgs-client"
            ],
            "locked": "2.13.2"
        },
        "com.fasterxml.jackson.module:jackson-module-kotlin": {
            "firstLevelTransitive": [
                "com.netflix.graphql.dgs:graphql-dgs",
                "com.netflix.graphql.dgs:graphql-dgs-client",
                "com.netflix.graphql.dgs:graphql-dgs-spring-webmvc",
                "com.netflix.graphql.dgs:graphql-dgs-spring-webmvc-autoconfigure"
            ],
            "locked": "2.13.2"
        },
        "com.fasterxml.jackson.module:jackson-module-parameter-names": {
            "firstLevelTransitive": [
                "com.netflix.graphql.dgs:graphql-dgs-client"
            ],
            "locked": "2.13.2"
        },
        "com.fasterxml.jackson:jackson-bom": {
            "locked": "2.13.2.1"
        },
        "com.graphql-java:graphql-java": {
            "firstLevelTransitive": [
                "com.netflix.graphql.dgs:graphql-dgs",
                "com.netflix.graphql.dgs:graphql-dgs-client",
                "com.netflix.graphql.dgs:graphql-dgs-mocking",
                "com.netflix.graphql.dgs:graphql-dgs-subscription-types",
                "com.netflix.graphql.dgs:graphql-error-types"
            ],
            "locked": "18.1"
        },
        "com.graphql-java:graphql-java-extended-validation": {
            "locked": "17.0-hibernate-validator-6.2.0.Final"
        },
        "com.jayway.jsonpath:json-path": {
            "firstLevelTransitive": [
                "com.netflix.graphql.dgs:graphql-dgs",
                "com.netflix.graphql.dgs:graphql-dgs-client"
            ],
            "locked": "2.6.0"
        },
        "com.netflix.graphql.dgs:graphql-dgs": {
            "firstLevelTransitive": [
                "com.netflix.graphql.dgs:graphql-dgs-spring-boot-oss-autoconfigure",
                "com.netflix.graphql.dgs:graphql-dgs-spring-webmvc",
                "com.netflix.graphql.dgs:graphql-dgs-spring-webmvc-autoconfigure"
            ],
            "project": true
        },
        "com.netflix.graphql.dgs:graphql-dgs-client": {
            "firstLevelTransitive": [
                "com.netflix.graphql.dgs:graphql-dgs-spring-boot-starter"
            ],
            "project": true
        },
        "com.netflix.graphql.dgs:graphql-dgs-mocking": {
            "firstLevelTransitive": [
                "com.netflix.graphql.dgs:graphql-dgs"
            ],
            "project": true
        },
        "com.netflix.graphql.dgs:graphql-dgs-platform": {
            "firstLevelTransitive": [
                "com.netflix.graphql.dgs:graphql-dgs",
                "com.netflix.graphql.dgs:graphql-dgs-client",
                "com.netflix.graphql.dgs:graphql-dgs-mocking",
                "com.netflix.graphql.dgs:graphql-dgs-spring-boot-oss-autoconfigure",
                "com.netflix.graphql.dgs:graphql-dgs-spring-boot-starter",
                "com.netflix.graphql.dgs:graphql-dgs-spring-webmvc",
                "com.netflix.graphql.dgs:graphql-dgs-spring-webmvc-autoconfigure",
                "com.netflix.graphql.dgs:graphql-dgs-subscription-types",
                "com.netflix.graphql.dgs:graphql-error-types"
            ],
            "project": true
        },
        "com.netflix.graphql.dgs:graphql-dgs-spring-boot-oss-autoconfigure": {
            "firstLevelTransitive": [
                "com.netflix.graphql.dgs:graphql-dgs-spring-boot-starter"
            ],
            "project": true
        },
        "com.netflix.graphql.dgs:graphql-dgs-spring-boot-starter": {
            "project": true
        },
        "com.netflix.graphql.dgs:graphql-dgs-spring-webmvc": {
            "firstLevelTransitive": [
                "com.netflix.graphql.dgs:graphql-dgs-spring-webmvc-autoconfigure"
            ],
            "project": true
        },
        "com.netflix.graphql.dgs:graphql-dgs-spring-webmvc-autoconfigure": {
            "firstLevelTransitive": [
                "com.netflix.graphql.dgs:graphql-dgs-spring-boot-starter"
            ],
            "project": true
        },
        "com.netflix.graphql.dgs:graphql-dgs-subscription-types": {
            "firstLevelTransitive": [
                "com.netflix.graphql.dgs:graphql-dgs-client"
            ],
            "project": true
        },
        "com.netflix.graphql.dgs:graphql-error-types": {
            "firstLevelTransitive": [
                "com.netflix.graphql.dgs:graphql-dgs",
                "com.netflix.graphql.dgs:graphql-dgs-spring-boot-starter",
                "com.netflix.graphql.dgs:graphql-dgs-spring-webmvc"
            ],
            "project": true
        },
        "io.mockk:mockk": {
            "locked": "1.12.4"
        },
        "io.projectreactor:reactor-core": {
            "firstLevelTransitive": [
                "com.netflix.graphql.dgs:graphql-dgs-client"
            ],
            "locked": "3.4.17"
        },
        "jakarta.servlet:jakarta.servlet-api": {
            "firstLevelTransitive": [
                "com.netflix.graphql.dgs:graphql-dgs-spring-webmvc-autoconfigure"
            ],
            "locked": "4.0.4"
        },
        "net.datafaker:datafaker": {
            "firstLevelTransitive": [
                "com.netflix.graphql.dgs:graphql-dgs-mocking"
            ],
            "locked": "1.3.0"
        },
        "org.apache.commons:commons-lang3": {
            "firstLevelTransitive": [
                "com.netflix.graphql.dgs:graphql-dgs-spring-boot-oss-autoconfigure"
            ],
            "locked": "3.12.0"
        },
        "org.jetbrains.kotlin:kotlin-bom": {
            "locked": "1.6.21"
        },
        "org.jetbrains.kotlin:kotlin-reflect": {
            "firstLevelTransitive": [
                "com.netflix.graphql.dgs:graphql-dgs",
                "com.netflix.graphql.dgs:graphql-dgs-spring-webmvc"
            ],
            "locked": "1.6.21"
        },
        "org.jetbrains.kotlin:kotlin-stdlib-jdk8": {
            "firstLevelTransitive": [
                "com.netflix.graphql.dgs:graphql-dgs",
                "com.netflix.graphql.dgs:graphql-dgs-client",
                "com.netflix.graphql.dgs:graphql-dgs-mocking",
                "com.netflix.graphql.dgs:graphql-dgs-spring-boot-oss-autoconfigure",
                "com.netflix.graphql.dgs:graphql-dgs-spring-boot-starter",
                "com.netflix.graphql.dgs:graphql-dgs-spring-webmvc",
                "com.netflix.graphql.dgs:graphql-dgs-spring-webmvc-autoconfigure",
                "com.netflix.graphql.dgs:graphql-dgs-subscription-types",
                "com.netflix.graphql.dgs:graphql-error-types"
            ],
            "locked": "1.6.21"
        },
        "org.jetbrains.kotlinx:kotlinx-coroutines-core": {
            "firstLevelTransitive": [
                "com.netflix.graphql.dgs:graphql-dgs"
            ],
            "locked": "1.5.2"
        },
        "org.jetbrains.kotlinx:kotlinx-coroutines-jdk8": {
            "firstLevelTransitive": [
                "com.netflix.graphql.dgs:graphql-dgs"
            ],
            "locked": "1.5.2"
        },
        "org.jetbrains.kotlinx:kotlinx-coroutines-reactor": {
            "firstLevelTransitive": [
                "com.netflix.graphql.dgs:graphql-dgs"
            ],
            "locked": "1.5.2"
        },
        "org.slf4j:slf4j-api": {
            "firstLevelTransitive": [
                "com.netflix.graphql.dgs:graphql-dgs-mocking"
            ],
            "locked": "1.7.36"
        },
        "org.springframework.boot:spring-boot-autoconfigure": {
            "locked": "2.6.7"
        },
        "org.springframework.boot:spring-boot-dependencies": {
            "locked": "2.6.7"
        },
        "org.springframework.boot:spring-boot-starter": {
            "firstLevelTransitive": [
                "com.netflix.graphql.dgs:graphql-dgs-spring-boot-oss-autoconfigure",
                "com.netflix.graphql.dgs:graphql-dgs-spring-webmvc-autoconfigure"
            ],
            "locked": "2.6.7"
        },
        "org.springframework.boot:spring-boot-starter-test": {
            "locked": "2.6.7"
        },
        "org.springframework.boot:spring-boot-starter-web": {
            "firstLevelTransitive": [
                "com.netflix.graphql.dgs:graphql-dgs-spring-boot-starter"
            ],
            "locked": "2.6.7"
        },
        "org.springframework.boot:spring-boot-starter-websocket": {
            "firstLevelTransitive": [
                "com.netflix.graphql.dgs:graphql-dgs-spring-boot-starter"
            ],
            "locked": "2.6.7"
        },
        "org.springframework.cloud:spring-cloud-dependencies": {
            "locked": "2021.0.2"
        },
        "org.springframework.security:spring-security-bom": {
            "locked": "5.6.3"
        },
        "org.springframework:spring-context": {
            "firstLevelTransitive": [
                "com.netflix.graphql.dgs:graphql-dgs"
            ],
            "locked": "5.3.19"
        },
        "org.springframework:spring-framework-bom": {
            "locked": "5.3.18"
        },
        "org.springframework:spring-web": {
            "firstLevelTransitive": [
                "com.netflix.graphql.dgs:graphql-dgs",
                "com.netflix.graphql.dgs:graphql-dgs-client",
                "com.netflix.graphql.dgs:graphql-dgs-spring-boot-oss-autoconfigure",
                "com.netflix.graphql.dgs:graphql-dgs-spring-webmvc"
            ],
            "locked": "5.3.19"
        },
        "org.springframework:spring-webflux": {
            "firstLevelTransitive": [
                "com.netflix.graphql.dgs:graphql-dgs-client"
            ],
            "locked": "5.3.19"
        },
        "org.springframework:spring-webmvc": {
            "firstLevelTransitive": [
                "com.netflix.graphql.dgs:graphql-dgs-spring-webmvc-autoconfigure"
            ],
            "locked": "5.3.19"
        }
    }
}