{
    "apiDependenciesMetadata": {
        "org.jetbrains.kotlin:kotlin-stdlib-jdk8": {
            "locked": "1.4.10",
            "requested": "1.4.10"
        }
    },
    "compileClasspath": {
        "org.jetbrains.kotlin:kotlin-stdlib-jdk8": {
            "locked": "1.4.10",
            "requested": "1.4.10"
        },
        "org.springframework.boot:spring-boot-autoconfigure": {
            "locked": "2.3.6.RELEASE"
        },
        "org.springframework.boot:spring-boot-dependencies": {
            "locked": "2.3.6.RELEASE",
            "requested": "2.3.6.RELEASE"
        },
        "org.springframework:spring-webmvc": {
            "locked": "5.2.11.RELEASE"
        }
    },
    "implementationDependenciesMetadata": {
        "org.jetbrains.kotlin:kotlin-stdlib-jdk8": {
            "locked": "1.4.10",
            "requested": "1.4.10"
        },
        "org.springframework.boot:spring-boot-autoconfigure": {
            "locked": "2.3.6.RELEASE"
        },
        "org.springframework.boot:spring-boot-dependencies": {
            "locked": "2.3.6.RELEASE",
            "requested": "2.3.6.RELEASE"
        },
        "org.springframework:spring-webmvc": {
            "locked": "5.2.11.RELEASE"
        }
    },
    "kotlinCompilerClasspath": {
        "org.jetbrains.kotlin:kotlin-compiler-embeddable": {
            "locked": "1.4.10"
        }
    },
    "kotlinCompilerPluginClasspath": {
        "org.jetbrains.kotlin:kotlin-scripting-compiler-embeddable": {
            "locked": "1.4.10",
            "requested": "1.4.10"
        }
    },
    "kotlinKlibCommonizerClasspath": {
        "org.jetbrains.kotlin:kotlin-klib-commonizer-embeddable": {
            "locked": "1.4.10"
        }
    },
    "runtimeClasspath": {
        "org.jetbrains.kotlin:kotlin-stdlib-jdk8": {
            "locked": "1.4.10",
            "requested": "1.4.10"
        },
        "org.springframework.boot:spring-boot-autoconfigure": {
            "locked": "2.3.6.RELEASE"
        },
        "org.springframework.boot:spring-boot-dependencies": {
            "locked": "2.3.6.RELEASE",
            "requested": "2.3.6.RELEASE"
        },
        "org.springframework:spring-webmvc": {
            "locked": "5.2.11.RELEASE"
        }
    },
    "testCompileClasspath": {
        "org.jetbrains.kotlin:kotlin-stdlib-jdk8": {
            "locked": "1.4.10",
            "requested": "1.4.10"
        },
        "org.springframework.boot:spring-boot-autoconfigure": {
            "locked": "2.3.6.RELEASE"
        },
        "org.springframework.boot:spring-boot-dependencies": {
            "locked": "2.3.6.RELEASE",
            "requested": "2.3.6.RELEASE"
        },
        "org.springframework.boot:spring-boot-starter-test": {
            "locked": "2.3.6.RELEASE"
        },
        "org.springframework:spring-webmvc": {
            "locked": "5.2.11.RELEASE"
        }
    },
    "testImplementationDependenciesMetadata": {
        "org.jetbrains.kotlin:kotlin-stdlib-jdk8": {
            "locked": "1.4.10",
            "requested": "1.4.10"
        },
        "org.springframework.boot:spring-boot-autoconfigure": {
            "locked": "2.3.6.RELEASE"
        },
        "org.springframework.boot:spring-boot-dependencies": {
            "locked": "2.3.6.RELEASE",
            "requested": "2.3.6.RELEASE"
        },
        "org.springframework.boot:spring-boot-starter-test": {
            "locked": "2.3.6.RELEASE"
        },
        "org.springframework:spring-webmvc": {
            "locked": "5.2.11.RELEASE"
        }
    },
    "testRuntimeClasspath": {
        "org.jetbrains.kotlin:kotlin-stdlib-jdk8": {
            "locked": "1.4.10",
            "requested": "1.4.10"
        },
        "org.springframework.boot:spring-boot-autoconfigure": {
            "locked": "2.3.6.RELEASE"
        },
        "org.springframework.boot:spring-boot-dependencies": {
            "locked": "2.3.6.RELEASE",
            "requested": "2.3.6.RELEASE"
        },
        "org.springframework.boot:spring-boot-starter-test": {
            "locked": "2.3.6.RELEASE"
        },
        "org.springframework:spring-webmvc": {
            "locked": "5.2.11.RELEASE"
        }
    }
}