{
    "annotationProcessor": {
        "com.fasterxml.jackson:jackson-bom": {
            "locked": "2.15.2"
        },
        "org.jetbrains.kotlin:kotlin-bom": {
            "locked": "1.7.20"
        },
        "org.springframework.boot:spring-boot-autoconfigure-processor": {
            "locked": "3.0.8"
        },
        "org.springframework.boot:spring-boot-configuration-processor": {
            "locked": "3.0.8"
        },
        "org.springframework.boot:spring-boot-dependencies": {
            "locked": "3.0.8"
        },
        "org.springframework.cloud:spring-cloud-dependencies": {
            "locked": "2022.0.0"
        }
    },
    "compileClasspath": {
        "com.fasterxml.jackson.core:jackson-annotations": {
            "locked": "2.15.2"
        },
        "com.fasterxml.jackson:jackson-bom": {
            "locked": "2.15.2"
        },
        "com.graphql-java:graphql-java": {
            "locked": "20.3"
        },
        "com.netflix.graphql.dgs:graphql-dgs-platform": {
            "project": true
        },
        "org.jetbrains.kotlin:kotlin-bom": {
            "locked": "1.7.20"
        },
        "org.jetbrains.kotlin:kotlin-stdlib-jdk8": {
            "locked": "1.7.22"
        },
        "org.springframework.boot:spring-boot-dependencies": {
            "locked": "3.0.8"
        },
        "org.springframework.cloud:spring-cloud-dependencies": {
            "locked": "2022.0.0"
        }
    },
    "jmh": {
        "org.openjdk.jmh:jmh-core": {
            "locked": "1.36"
        },
        "org.openjdk.jmh:jmh-generator-annprocess": {
            "locked": "1.36"
        },
        "org.openjdk.jmh:jmh-generator-bytecode": {
            "locked": "1.36"
        }
    },
    "jmhAnnotationProcessor": {
        "com.fasterxml.jackson:jackson-bom": {
            "locked": "2.15.2"
        },
        "org.jetbrains.kotlin:kotlin-bom": {
            "locked": "1.7.20"
        },
        "org.springframework.boot:spring-boot-dependencies": {
            "locked": "3.0.8"
        },
        "org.springframework.cloud:spring-cloud-dependencies": {
            "locked": "2022.0.0"
        }
    },
    "jmhCompileClasspath": {
        "com.fasterxml.jackson.core:jackson-annotations": {
            "locked": "2.15.2"
        },
        "com.fasterxml.jackson:jackson-bom": {
            "locked": "2.15.2"
        },
        "com.graphql-java:graphql-java": {
            "locked": "20.3"
        },
        "com.netflix.graphql.dgs:graphql-dgs-platform": {
            "project": true
        },
        "org.jetbrains.kotlin:kotlin-bom": {
            "locked": "1.7.20"
        },
        "org.jetbrains.kotlin:kotlin-stdlib-jdk8": {
            "locked": "1.7.22"
        },
        "org.openjdk.jmh:jmh-core": {
            "locked": "1.36"
        },
        "org.openjdk.jmh:jmh-generator-annprocess": {
            "locked": "1.36"
        },
        "org.openjdk.jmh:jmh-generator-bytecode": {
            "locked": "1.36"
        },
        "org.springframework.boot:spring-boot-dependencies": {
            "locked": "3.0.8"
        },
        "org.springframework.cloud:spring-cloud-dependencies": {
            "locked": "2022.0.0"
        }
    },
    "jmhRuntimeClasspath": {
        "com.fasterxml.jackson:jackson-bom": {
            "locked": "2.15.2"
        },
        "com.graphql-java:graphql-java": {
            "locked": "20.3"
        },
        "com.netflix.graphql.dgs:graphql-dgs-platform": {
            "project": true
        },
        "io.mockk:mockk": {
            "locked": "1.13.5"
        },
        "org.jetbrains.kotlin:kotlin-bom": {
            "locked": "1.7.20"
        },
        "org.jetbrains.kotlin:kotlin-stdlib-jdk8": {
            "locked": "1.8.20"
        },
        "org.openjdk.jmh:jmh-core": {
            "locked": "1.36"
        },
        "org.openjdk.jmh:jmh-generator-annprocess": {
            "locked": "1.36"
        },
        "org.openjdk.jmh:jmh-generator-bytecode": {
            "locked": "1.36"
        },
        "org.springframework.boot:spring-boot-dependencies": {
            "locked": "3.0.8"
        },
        "org.springframework.boot:spring-boot-starter-test": {
            "locked": "3.0.8"
        },
        "org.springframework.cloud:spring-cloud-dependencies": {
            "locked": "2022.0.0"
        }
    },
    "kapt": {
        "org.springframework.boot:spring-boot-autoconfigure-processor": {
            "locked": "3.0.8"
        },
        "org.springframework.boot:spring-boot-configuration-processor": {
            "locked": "3.0.8"
        }
    },
    "kaptClasspath_kaptKotlin": {
        "org.springframework.boot:spring-boot-autoconfigure-processor": {
            "locked": "3.0.8"
        },
        "org.springframework.boot:spring-boot-configuration-processor": {
            "locked": "3.0.8"
        }
    },
    "kaptJmh": {
        "org.springframework.boot:spring-boot-autoconfigure-processor": {
            "locked": "3.0.8"
        },
        "org.springframework.boot:spring-boot-configuration-processor": {
            "locked": "3.0.8"
        }
    },
    "kaptTest": {
        "org.springframework.boot:spring-boot-autoconfigure-processor": {
            "locked": "3.0.8"
        },
        "org.springframework.boot:spring-boot-configuration-processor": {
            "locked": "3.0.8"
        }
    },
    "kotlinCompilerClasspath": {
        "com.fasterxml.jackson:jackson-bom": {
            "locked": "2.15.2"
        },
        "org.jetbrains.kotlin:kotlin-bom": {
            "locked": "1.7.20"
        },
        "org.jetbrains.kotlin:kotlin-compiler-embeddable": {
            "locked": "1.7.22"
        },
        "org.springframework.boot:spring-boot-dependencies": {
            "locked": "3.0.8"
        },
        "org.springframework.cloud:spring-cloud-dependencies": {
            "locked": "2022.0.0"
        }
    },
    "kotlinCompilerPluginClasspath": {
        "com.fasterxml.jackson:jackson-bom": {
            "locked": "2.15.2"
        },
        "org.jetbrains.kotlin:kotlin-bom": {
            "locked": "1.7.20"
        },
        "org.springframework.boot:spring-boot-dependencies": {
            "locked": "3.0.8"
        },
        "org.springframework.cloud:spring-cloud-dependencies": {
            "locked": "2022.0.0"
        }
    },
    "kotlinCompilerPluginClasspathJmh": {
        "com.fasterxml.jackson:jackson-bom": {
            "locked": "2.15.2"
        },
        "org.jetbrains.kotlin:kotlin-annotation-processing-gradle": {
            "locked": "1.7.20"
        },
        "org.jetbrains.kotlin:kotlin-bom": {
            "locked": "1.7.20"
        },
        "org.jetbrains.kotlin:kotlin-scripting-compiler-embeddable": {
            "locked": "1.7.20"
        },
        "org.springframework.boot:spring-boot-dependencies": {
            "locked": "3.0.8"
        },
        "org.springframework.cloud:spring-cloud-dependencies": {
            "locked": "2022.0.0"
        }
    },
    "kotlinCompilerPluginClasspathMain": {
        "com.fasterxml.jackson:jackson-bom": {
            "locked": "2.15.2"
        },
        "org.jetbrains.kotlin:kotlin-annotation-processing-gradle": {
            "locked": "1.7.20"
        },
        "org.jetbrains.kotlin:kotlin-bom": {
            "locked": "1.7.20"
        },
        "org.jetbrains.kotlin:kotlin-scripting-compiler-embeddable": {
            "locked": "1.7.20"
        },
        "org.springframework.boot:spring-boot-dependencies": {
            "locked": "3.0.8"
        },
        "org.springframework.cloud:spring-cloud-dependencies": {
            "locked": "2022.0.0"
        }
    },
    "kotlinCompilerPluginClasspathTest": {
        "com.fasterxml.jackson:jackson-bom": {
            "locked": "2.15.2"
        },
        "org.jetbrains.kotlin:kotlin-annotation-processing-gradle": {
            "locked": "1.7.20"
        },
        "org.jetbrains.kotlin:kotlin-bom": {
            "locked": "1.7.20"
        },
        "org.jetbrains.kotlin:kotlin-scripting-compiler-embeddable": {
            "locked": "1.7.20"
        },
        "org.springframework.boot:spring-boot-dependencies": {
            "locked": "3.0.8"
        },
        "org.springframework.cloud:spring-cloud-dependencies": {
            "locked": "2022.0.0"
        }
    },
    "kotlinKaptWorkerDependencies": {
        "org.jetbrains.kotlin:kotlin-annotation-processing-gradle": {
            "locked": "1.7.20"
        },
        "org.jetbrains.kotlin:kotlin-stdlib": {
            "locked": "1.7.20"
        }
    },
    "kotlinKlibCommonizerClasspath": {
        "com.fasterxml.jackson:jackson-bom": {
            "locked": "2.15.2"
        },
        "org.jetbrains.kotlin:kotlin-bom": {
            "locked": "1.7.20"
        },
        "org.jetbrains.kotlin:kotlin-klib-commonizer-embeddable": {
            "locked": "1.7.20"
        },
        "org.springframework.boot:spring-boot-dependencies": {
            "locked": "3.0.8"
        },
        "org.springframework.cloud:spring-cloud-dependencies": {
            "locked": "2022.0.0"
        }
    },
    "kotlinNativeCompilerPluginClasspath": {
        "com.fasterxml.jackson:jackson-bom": {
            "locked": "2.15.2"
        },
        "org.jetbrains.kotlin:kotlin-bom": {
            "locked": "1.7.20"
        },
        "org.springframework.boot:spring-boot-dependencies": {
            "locked": "3.0.8"
        },
        "org.springframework.cloud:spring-cloud-dependencies": {
            "locked": "2022.0.0"
        }
    },
    "nebulaRecommenderBom": {
        "com.fasterxml.jackson:jackson-bom": {
            "locked": "2.15.2"
        },
        "org.jetbrains.kotlin:kotlin-bom": {
            "locked": "1.7.20"
        },
        "org.springframework.boot:spring-boot-dependencies": {
            "locked": "3.0.8"
        },
        "org.springframework.cloud:spring-cloud-dependencies": {
            "locked": "2022.0.0"
        }
    },
    "runtimeClasspath": {
        "com.fasterxml.jackson:jackson-bom": {
            "locked": "2.15.2"
        },
        "com.graphql-java:graphql-java": {
            "locked": "20.3"
        },
        "com.netflix.graphql.dgs:graphql-dgs-platform": {
            "project": true
        },
        "org.jetbrains.kotlin:kotlin-bom": {
            "locked": "1.7.20"
        },
        "org.jetbrains.kotlin:kotlin-stdlib-jdk8": {
            "locked": "1.7.22"
        },
        "org.springframework.boot:spring-boot-dependencies": {
            "locked": "3.0.8"
        },
        "org.springframework.cloud:spring-cloud-dependencies": {
            "locked": "2022.0.0"
        }
    },
    "testAnnotationProcessor": {
        "com.fasterxml.jackson:jackson-bom": {
            "locked": "2.15.2"
        },
        "org.jetbrains.kotlin:kotlin-bom": {
            "locked": "1.7.20"
        },
        "org.springframework.boot:spring-boot-dependencies": {
            "locked": "3.0.8"
        },
        "org.springframework.cloud:spring-cloud-dependencies": {
            "locked": "2022.0.0"
        }
    },
    "testCompileClasspath": {
        "com.fasterxml.jackson:jackson-bom": {
            "locked": "2.15.2"
        },
        "com.graphql-java:graphql-java": {
            "locked": "20.3"
        },
        "com.netflix.graphql.dgs:graphql-dgs-platform": {
            "project": true
        },
        "io.mockk:mockk": {
            "locked": "1.13.5"
        },
        "org.jetbrains.kotlin:kotlin-bom": {
            "locked": "1.7.20"
        },
        "org.jetbrains.kotlin:kotlin-stdlib-jdk8": {
            "locked": "1.8.20"
        },
        "org.springframework.boot:spring-boot-dependencies": {
            "locked": "3.0.8"
        },
        "org.springframework.boot:spring-boot-starter-test": {
            "locked": "3.0.8"
        },
        "org.springframework.cloud:spring-cloud-dependencies": {
            "locked": "2022.0.0"
        }
    },
    "testRuntimeClasspath": {
        "com.fasterxml.jackson:jackson-bom": {
            "locked": "2.15.2"
        },
        "com.graphql-java:graphql-java": {
            "locked": "20.3"
        },
        "com.netflix.graphql.dgs:graphql-dgs-platform": {
            "project": true
        },
        "io.mockk:mockk": {
            "locked": "1.13.5"
        },
        "org.jetbrains.kotlin:kotlin-bom": {
            "locked": "1.7.20"
        },
        "org.jetbrains.kotlin:kotlin-stdlib-jdk8": {
            "locked": "1.8.20"
        },
        "org.springframework.boot:spring-boot-dependencies": {
            "locked": "3.0.8"
        },
        "org.springframework.boot:spring-boot-starter-test": {
            "locked": "3.0.8"
        },
        "org.springframework.cloud:spring-cloud-dependencies": {
            "locked": "2022.0.0"
        }
    }
}