{
    "annotationProcessor": {
        "com.fasterxml.jackson:jackson-bom": {
            "locked": "2.12.5"
        },
        "org.jetbrains.kotlin:kotlin-bom": {
            "locked": "1.5.32"
        },
        "org.springframework.boot:spring-boot-autoconfigure-processor": {
            "locked": "2.3.12.RELEASE"
        },
        "org.springframework.boot:spring-boot-configuration-processor": {
            "locked": "2.3.12.RELEASE"
        },
        "org.springframework.boot:spring-boot-dependencies": {
            "locked": "2.3.12.RELEASE"
        },
        "org.springframework.cloud:spring-cloud-dependencies": {
            "locked": "Hoxton.SR12"
        },
        "org.springframework.security:spring-security-bom": {
            "locked": "5.3.12.RELEASE"
        },
        "org.springframework:spring-framework-bom": {
            "locked": "5.2.18.RELEASE"
        }
    },
    "compileClasspath": {
        "com.fasterxml.jackson.core:jackson-annotations": {
            "locked": "2.12.5"
        },
        "com.fasterxml.jackson:jackson-bom": {
            "locked": "2.12.5"
        },
        "com.graphql-java:graphql-java": {
            "locked": "17.3"
        },
        "com.netflix.graphql.dgs:graphql-dgs-platform": {
            "project": true
        },
        "org.jetbrains.kotlin:kotlin-bom": {
            "locked": "1.5.32"
        },
        "org.jetbrains.kotlin:kotlin-stdlib-jdk8": {
            "locked": "1.5.32"
        },
        "org.springframework.boot:spring-boot-dependencies": {
            "locked": "2.3.12.RELEASE"
        },
        "org.springframework.cloud:spring-cloud-dependencies": {
            "locked": "Hoxton.SR12"
        },
        "org.springframework.security:spring-security-bom": {
            "locked": "5.3.12.RELEASE"
        },
        "org.springframework:spring-framework-bom": {
            "locked": "5.2.18.RELEASE"
        }
    },
    "kapt": {
        "org.springframework.boot:spring-boot-autoconfigure-processor": {
            "locked": "2.3.12.RELEASE"
        },
        "org.springframework.boot:spring-boot-configuration-processor": {
            "locked": "2.3.12.RELEASE"
        }
    },
    "kaptClasspath_kaptKotlin": {
        "org.springframework.boot:spring-boot-autoconfigure-processor": {
            "locked": "2.3.12.RELEASE"
        },
        "org.springframework.boot:spring-boot-configuration-processor": {
            "locked": "2.3.12.RELEASE"
        }
    },
    "kaptTest": {
        "org.springframework.boot:spring-boot-autoconfigure-processor": {
            "locked": "2.3.12.RELEASE"
        },
        "org.springframework.boot:spring-boot-configuration-processor": {
            "locked": "2.3.12.RELEASE"
        }
    },
    "kotlinCompilerClasspath": {
        "com.fasterxml.jackson:jackson-bom": {
            "locked": "2.12.5"
        },
        "org.jetbrains.kotlin:kotlin-bom": {
            "locked": "1.5.32"
        },
        "org.jetbrains.kotlin:kotlin-compiler-embeddable": {
            "locked": "1.5.32"
        },
        "org.springframework.boot:spring-boot-dependencies": {
            "locked": "2.3.12.RELEASE"
        },
        "org.springframework.cloud:spring-cloud-dependencies": {
            "locked": "Hoxton.SR12"
        },
        "org.springframework.security:spring-security-bom": {
            "locked": "5.3.12.RELEASE"
        },
        "org.springframework:spring-framework-bom": {
            "locked": "5.2.18.RELEASE"
        }
    },
    "kotlinCompilerPluginClasspath": {
        "com.fasterxml.jackson:jackson-bom": {
            "locked": "2.12.5"
        },
        "org.jetbrains.kotlin:kotlin-bom": {
            "locked": "1.5.32"
        },
        "org.springframework.boot:spring-boot-dependencies": {
            "locked": "2.3.12.RELEASE"
        },
        "org.springframework.cloud:spring-cloud-dependencies": {
            "locked": "Hoxton.SR12"
        },
        "org.springframework.security:spring-security-bom": {
            "locked": "5.3.12.RELEASE"
        },
        "org.springframework:spring-framework-bom": {
            "locked": "5.2.18.RELEASE"
        }
    },
    "kotlinCompilerPluginClasspathMain": {
        "com.fasterxml.jackson:jackson-bom": {
            "locked": "2.12.5"
        },
        "org.jetbrains.kotlin:kotlin-annotation-processing-gradle": {
            "locked": "1.5.32"
        },
        "org.jetbrains.kotlin:kotlin-bom": {
            "locked": "1.5.32"
        },
        "org.jetbrains.kotlin:kotlin-scripting-compiler-embeddable": {
            "locked": "1.5.32"
        },
        "org.springframework.boot:spring-boot-dependencies": {
            "locked": "2.3.12.RELEASE"
        },
        "org.springframework.cloud:spring-cloud-dependencies": {
            "locked": "Hoxton.SR12"
        },
        "org.springframework.security:spring-security-bom": {
            "locked": "5.3.12.RELEASE"
        },
        "org.springframework:spring-framework-bom": {
            "locked": "5.2.18.RELEASE"
        }
    },
    "kotlinCompilerPluginClasspathTest": {
        "com.fasterxml.jackson:jackson-bom": {
            "locked": "2.12.5"
        },
        "org.jetbrains.kotlin:kotlin-annotation-processing-gradle": {
            "locked": "1.5.32"
        },
        "org.jetbrains.kotlin:kotlin-bom": {
            "locked": "1.5.32"
        },
        "org.jetbrains.kotlin:kotlin-scripting-compiler-embeddable": {
            "locked": "1.5.32"
        },
        "org.springframework.boot:spring-boot-dependencies": {
            "locked": "2.3.12.RELEASE"
        },
        "org.springframework.cloud:spring-cloud-dependencies": {
            "locked": "Hoxton.SR12"
        },
        "org.springframework.security:spring-security-bom": {
            "locked": "5.3.12.RELEASE"
        },
        "org.springframework:spring-framework-bom": {
            "locked": "5.2.18.RELEASE"
        }
    },
    "kotlinKaptWorkerDependencies": {
        "org.jetbrains.kotlin:kotlin-annotation-processing-gradle": {
            "locked": "1.5.32"
        }
    },
    "kotlinKlibCommonizerClasspath": {
        "com.fasterxml.jackson:jackson-bom": {
            "locked": "2.12.5"
        },
        "org.jetbrains.kotlin:kotlin-bom": {
            "locked": "1.5.32"
        },
        "org.jetbrains.kotlin:kotlin-klib-commonizer-embeddable": {
            "locked": "1.5.32"
        },
        "org.springframework.boot:spring-boot-dependencies": {
            "locked": "2.3.12.RELEASE"
        },
        "org.springframework.cloud:spring-cloud-dependencies": {
            "locked": "Hoxton.SR12"
        },
        "org.springframework.security:spring-security-bom": {
            "locked": "5.3.12.RELEASE"
        },
        "org.springframework:spring-framework-bom": {
            "locked": "5.2.18.RELEASE"
        }
    },
    "kotlinNativeCompilerPluginClasspath": {
        "com.fasterxml.jackson:jackson-bom": {
            "locked": "2.12.5"
        },
        "org.jetbrains.kotlin:kotlin-bom": {
            "locked": "1.5.32"
        },
        "org.springframework.boot:spring-boot-dependencies": {
            "locked": "2.3.12.RELEASE"
        },
        "org.springframework.cloud:spring-cloud-dependencies": {
            "locked": "Hoxton.SR12"
        },
        "org.springframework.security:spring-security-bom": {
            "locked": "5.3.12.RELEASE"
        },
        "org.springframework:spring-framework-bom": {
            "locked": "5.2.18.RELEASE"
        }
    },
    "nebulaRecommenderBom": {
        "com.fasterxml.jackson:jackson-bom": {
            "locked": "2.12.5"
        },
        "org.jetbrains.kotlin:kotlin-bom": {
            "locked": "1.5.32"
        },
        "org.springframework.boot:spring-boot-dependencies": {
            "locked": "2.3.12.RELEASE"
        },
        "org.springframework.cloud:spring-cloud-dependencies": {
            "locked": "Hoxton.SR12"
        },
        "org.springframework.security:spring-security-bom": {
            "locked": "5.3.12.RELEASE"
        },
        "org.springframework:spring-framework-bom": {
            "locked": "5.2.18.RELEASE"
        }
    },
    "runtimeClasspath": {
        "com.fasterxml.jackson:jackson-bom": {
            "locked": "2.12.5"
        },
        "com.graphql-java:graphql-java": {
            "locked": "17.3"
        },
        "com.netflix.graphql.dgs:graphql-dgs-platform": {
            "project": true
        },
        "org.jetbrains.kotlin:kotlin-bom": {
            "locked": "1.5.32"
        },
        "org.jetbrains.kotlin:kotlin-stdlib-jdk8": {
            "locked": "1.5.32"
        },
        "org.springframework.boot:spring-boot-dependencies": {
            "locked": "2.3.12.RELEASE"
        },
        "org.springframework.cloud:spring-cloud-dependencies": {
            "locked": "Hoxton.SR12"
        },
        "org.springframework.security:spring-security-bom": {
            "locked": "5.3.12.RELEASE"
        },
        "org.springframework:spring-framework-bom": {
            "locked": "5.2.18.RELEASE"
        }
    },
    "testAnnotationProcessor": {
        "com.fasterxml.jackson:jackson-bom": {
            "locked": "2.12.5"
        },
        "org.jetbrains.kotlin:kotlin-bom": {
            "locked": "1.5.32"
        },
        "org.springframework.boot:spring-boot-dependencies": {
            "locked": "2.3.12.RELEASE"
        },
        "org.springframework.cloud:spring-cloud-dependencies": {
            "locked": "Hoxton.SR12"
        },
        "org.springframework.security:spring-security-bom": {
            "locked": "5.3.12.RELEASE"
        },
        "org.springframework:spring-framework-bom": {
            "locked": "5.2.18.RELEASE"
        }
    },
    "testCompileClasspath": {
        "com.fasterxml.jackson:jackson-bom": {
            "locked": "2.12.5"
        },
        "com.graphql-java:graphql-java": {
            "locked": "17.3"
        },
        "com.netflix.graphql.dgs:graphql-dgs-platform": {
            "project": true
        },
        "io.mockk:mockk": {
            "locked": "1.12.2"
        },
        "org.jetbrains.kotlin:kotlin-bom": {
            "locked": "1.5.32"
        },
        "org.jetbrains.kotlin:kotlin-stdlib-jdk8": {
            "locked": "1.5.32"
        },
        "org.springframework.boot:spring-boot-dependencies": {
            "locked": "2.3.12.RELEASE"
        },
        "org.springframework.boot:spring-boot-starter-test": {
            "locked": "2.3.12.RELEASE"
        },
        "org.springframework.cloud:spring-cloud-dependencies": {
            "locked": "Hoxton.SR12"
        },
        "org.springframework.security:spring-security-bom": {
            "locked": "5.3.12.RELEASE"
        },
        "org.springframework:spring-framework-bom": {
            "locked": "5.2.18.RELEASE"
        }
    },
    "testRuntimeClasspath": {
        "com.fasterxml.jackson:jackson-bom": {
            "locked": "2.12.5"
        },
        "com.graphql-java:graphql-java": {
            "locked": "17.3"
        },
        "com.netflix.graphql.dgs:graphql-dgs-platform": {
            "project": true
        },
        "io.mockk:mockk": {
            "locked": "1.12.2"
        },
        "org.jetbrains.kotlin:kotlin-bom": {
            "locked": "1.5.32"
        },
        "org.jetbrains.kotlin:kotlin-stdlib-jdk8": {
            "locked": "1.5.32"
        },
        "org.springframework.boot:spring-boot-dependencies": {
            "locked": "2.3.12.RELEASE"
        },
        "org.springframework.boot:spring-boot-starter-test": {
            "locked": "2.3.12.RELEASE"
        },
        "org.springframework.cloud:spring-cloud-dependencies": {
            "locked": "Hoxton.SR12"
        },
        "org.springframework.security:spring-security-bom": {
            "locked": "5.3.12.RELEASE"
        },
        "org.springframework:spring-framework-bom": {
            "locked": "5.2.18.RELEASE"
        }
    }
}