{
    "annotationProcessor": {
        "org.springframework.boot:spring-boot-autoconfigure-processor": {
            "locked": "3.3.1"
        },
        "org.springframework.boot:spring-boot-configuration-processor": {
            "locked": "3.3.1"
        }
    },
    "apiDependenciesMetadata": {
        "com.graphql-java:graphql-java": {
            "locked": "22.1"
        },
        "com.netflix.graphql.dgs:graphql-dgs-platform": {
            "project": true
        },
        "org.jetbrains.kotlin:kotlin-stdlib": {
            "locked": "1.9.24"
        }
    },
    "compileClasspath": {
        "com.fasterxml.jackson.core:jackson-annotations": {
            "locked": "2.17.1"
        },
        "com.graphql-java:graphql-java": {
            "locked": "22.1"
        },
        "com.netflix.graphql.dgs:graphql-dgs-platform": {
            "project": true
        },
        "org.jetbrains.kotlin:kotlin-stdlib": {
            "locked": "1.9.24"
        }
    },
    "compileOnlyDependenciesMetadata": {
        "com.fasterxml.jackson.core:jackson-annotations": {
            "locked": "2.17.1"
        }
    },
    "implementationDependenciesMetadata": {
        "com.graphql-java:graphql-java": {
            "locked": "22.1"
        },
        "com.netflix.graphql.dgs:graphql-dgs-platform": {
            "project": true
        },
        "org.jetbrains.kotlin:kotlin-stdlib": {
            "locked": "1.9.24"
        }
    },
    "jmh": {
        "org.openjdk.jmh:jmh-core": {
            "locked": "1.37"
        },
        "org.openjdk.jmh:jmh-generator-annprocess": {
            "locked": "1.37"
        },
        "org.openjdk.jmh:jmh-generator-bytecode": {
            "locked": "1.36"
        }
    },
    "jmhApiDependenciesMetadata": {
        "org.jetbrains.kotlin:kotlin-stdlib": {
            "locked": "1.9.24"
        }
    },
    "jmhCompileClasspath": {
        "com.fasterxml.jackson.core:jackson-annotations": {
            "locked": "2.17.1"
        },
        "com.graphql-java:graphql-java": {
            "locked": "22.1"
        },
        "com.netflix.graphql.dgs:graphql-dgs-platform": {
            "project": true
        },
        "org.jetbrains.kotlin:kotlin-stdlib": {
            "locked": "1.9.24"
        },
        "org.openjdk.jmh:jmh-core": {
            "locked": "1.37"
        },
        "org.openjdk.jmh:jmh-generator-annprocess": {
            "locked": "1.37"
        },
        "org.openjdk.jmh:jmh-generator-bytecode": {
            "locked": "1.36"
        }
    },
    "jmhImplementationDependenciesMetadata": {
        "org.jetbrains.kotlin:kotlin-stdlib": {
            "locked": "1.9.24"
        },
        "org.openjdk.jmh:jmh-core": {
            "locked": "1.37"
        },
        "org.openjdk.jmh:jmh-generator-annprocess": {
            "locked": "1.37"
        },
        "org.openjdk.jmh:jmh-generator-bytecode": {
            "locked": "1.36"
        }
    },
    "jmhRuntimeClasspath": {
        "com.graphql-java:graphql-java": {
            "locked": "22.1"
        },
        "com.netflix.graphql.dgs:graphql-dgs-platform": {
            "project": true
        },
        "io.mockk:mockk": {
            "locked": "1.13.11"
        },
        "org.jetbrains.kotlin:kotlin-stdlib": {
            "locked": "1.9.24"
        },
        "org.openjdk.jmh:jmh-core": {
            "locked": "1.37"
        },
        "org.openjdk.jmh:jmh-generator-annprocess": {
            "locked": "1.37"
        },
        "org.openjdk.jmh:jmh-generator-bytecode": {
            "locked": "1.36"
        },
        "org.springframework.boot:spring-boot-starter-test": {
            "locked": "3.3.1"
        }
    },
    "kotlinBuildToolsApiClasspath": {
        "org.jetbrains.kotlin:kotlin-build-tools-impl": {
            "locked": "1.9.24"
        }
    },
    "kotlinCompilerClasspath": {
        "org.jetbrains.kotlin:kotlin-compiler-embeddable": {
            "locked": "1.9.24"
        }
    },
    "kotlinCompilerPluginClasspathJmh": {
        "org.jetbrains.kotlin:kotlin-scripting-compiler-embeddable": {
            "locked": "1.9.24"
        }
    },
    "kotlinCompilerPluginClasspathMain": {
        "org.jetbrains.kotlin:kotlin-scripting-compiler-embeddable": {
            "locked": "1.9.24"
        }
    },
    "kotlinCompilerPluginClasspathTest": {
        "org.jetbrains.kotlin:kotlin-scripting-compiler-embeddable": {
            "locked": "1.9.24"
        }
    },
    "kotlinKlibCommonizerClasspath": {
        "org.jetbrains.kotlin:kotlin-klib-commonizer-embeddable": {
            "locked": "1.9.24"
        }
    },
    "runtimeClasspath": {
        "com.graphql-java:graphql-java": {
            "locked": "22.1"
        },
        "com.netflix.graphql.dgs:graphql-dgs-platform": {
            "project": true
        },
        "org.jetbrains.kotlin:kotlin-stdlib": {
            "locked": "1.9.24"
        }
    },
    "testCompileClasspath": {
        "com.graphql-java:graphql-java": {
            "locked": "22.1"
        },
        "com.netflix.graphql.dgs:graphql-dgs-platform": {
            "project": true
        },
        "io.mockk:mockk": {
            "locked": "1.13.11"
        },
        "org.jetbrains.kotlin:kotlin-stdlib": {
            "locked": "1.9.24"
        },
        "org.springframework.boot:spring-boot-starter-test": {
            "locked": "3.3.1"
        }
    },
    "testImplementationDependenciesMetadata": {
        "com.graphql-java:graphql-java": {
            "locked": "22.1"
        },
        "com.netflix.graphql.dgs:graphql-dgs-platform": {
            "project": true
        },
        "io.mockk:mockk": {
            "locked": "1.13.11"
        },
        "org.jetbrains.kotlin:kotlin-stdlib": {
            "locked": "1.9.24"
        },
        "org.springframework.boot:spring-boot-starter-test": {
            "locked": "3.3.1"
        }
    },
    "testRuntimeClasspath": {
        "com.graphql-java:graphql-java": {
            "locked": "22.1"
        },
        "com.netflix.graphql.dgs:graphql-dgs-platform": {
            "project": true
        },
        "io.mockk:mockk": {
            "locked": "1.13.11"
        },
        "org.jetbrains.kotlin:kotlin-stdlib": {
            "locked": "1.9.24"
        },
        "org.springframework.boot:spring-boot-starter-test": {
            "locked": "3.3.1"
        }
    }
}