{
    "annotationProcessor": {
        "com.fasterxml.jackson:jackson-bom": {
            "locked": "2.11.4"
        },
        "org.springframework.boot:spring-boot-dependencies": {
            "locked": "2.3.8.RELEASE"
        },
        "org.springframework.cloud:spring-cloud-dependencies": {
            "locked": "Hoxton.SR9"
        },
        "org.springframework.security:spring-security-bom": {
            "locked": "5.3.6.RELEASE"
        },
        "org.springframework:spring-framework-bom": {
            "locked": "5.2.12.RELEASE"
        }
    },
    "compileClasspath": {
        "com.fasterxml.jackson.datatype:jackson-datatype-jsr310": {
            "locked": "2.11.4"
        },
        "com.fasterxml.jackson.module:jackson-module-kotlin": {
            "locked": "2.11.4"
        },
        "com.fasterxml.jackson:jackson-bom": {
            "locked": "2.11.4"
        },
        "com.jayway.jsonpath:json-path": {
            "locked": "2.4.0"
        },
        "io.projectreactor:reactor-core": {
            "locked": "3.4.2"
        },
        "org.jetbrains.kotlin:kotlin-stdlib-jdk8": {
            "locked": "1.4.10"
        },
        "org.springframework.boot:spring-boot-dependencies": {
            "locked": "2.3.8.RELEASE"
        },
        "org.springframework.cloud:spring-cloud-dependencies": {
            "locked": "Hoxton.SR9"
        },
        "org.springframework.security:spring-security-bom": {
            "locked": "5.3.6.RELEASE"
        },
        "org.springframework:spring-framework-bom": {
            "locked": "5.2.12.RELEASE"
        },
        "org.springframework:spring-web": {
            "locked": "5.2.12.RELEASE"
        }
    },
    "kotlinCompilerClasspath": {
        "com.fasterxml.jackson:jackson-bom": {
            "locked": "2.11.4"
        },
        "org.jetbrains.kotlin:kotlin-compiler-embeddable": {
            "locked": "1.4.10"
        },
        "org.springframework.boot:spring-boot-dependencies": {
            "locked": "2.3.8.RELEASE"
        },
        "org.springframework.cloud:spring-cloud-dependencies": {
            "locked": "Hoxton.SR9"
        },
        "org.springframework.security:spring-security-bom": {
            "locked": "5.3.6.RELEASE"
        },
        "org.springframework:spring-framework-bom": {
            "locked": "5.2.12.RELEASE"
        }
    },
    "kotlinCompilerPluginClasspath": {
        "com.fasterxml.jackson:jackson-bom": {
            "locked": "2.11.4"
        },
        "org.jetbrains.kotlin:kotlin-scripting-compiler-embeddable": {
            "locked": "1.4.10"
        },
        "org.springframework.boot:spring-boot-dependencies": {
            "locked": "2.3.8.RELEASE"
        },
        "org.springframework.cloud:spring-cloud-dependencies": {
            "locked": "Hoxton.SR9"
        },
        "org.springframework.security:spring-security-bom": {
            "locked": "5.3.6.RELEASE"
        },
        "org.springframework:spring-framework-bom": {
            "locked": "5.2.12.RELEASE"
        }
    },
    "kotlinKlibCommonizerClasspath": {
        "com.fasterxml.jackson:jackson-bom": {
            "locked": "2.11.4"
        },
        "org.jetbrains.kotlin:kotlin-klib-commonizer-embeddable": {
            "locked": "1.4.10"
        },
        "org.springframework.boot:spring-boot-dependencies": {
            "locked": "2.3.8.RELEASE"
        },
        "org.springframework.cloud:spring-cloud-dependencies": {
            "locked": "Hoxton.SR9"
        },
        "org.springframework.security:spring-security-bom": {
            "locked": "5.3.6.RELEASE"
        },
        "org.springframework:spring-framework-bom": {
            "locked": "5.2.12.RELEASE"
        }
    },
    "kotlinNativeCompilerPluginClasspath": {
        "com.fasterxml.jackson:jackson-bom": {
            "locked": "2.11.4"
        },
        "org.springframework.boot:spring-boot-dependencies": {
            "locked": "2.3.8.RELEASE"
        },
        "org.springframework.cloud:spring-cloud-dependencies": {
            "locked": "Hoxton.SR9"
        },
        "org.springframework.security:spring-security-bom": {
            "locked": "5.3.6.RELEASE"
        },
        "org.springframework:spring-framework-bom": {
            "locked": "5.2.12.RELEASE"
        }
    },
    "nebulaRecommenderBom": {
        "com.fasterxml.jackson:jackson-bom": {
            "locked": "2.11.4"
        },
        "org.springframework.boot:spring-boot-dependencies": {
            "locked": "2.3.8.RELEASE"
        },
        "org.springframework.cloud:spring-cloud-dependencies": {
            "locked": "Hoxton.SR9"
        },
        "org.springframework.security:spring-security-bom": {
            "locked": "5.3.6.RELEASE"
        },
        "org.springframework:spring-framework-bom": {
            "locked": "5.2.12.RELEASE"
        }
    },
    "runtimeClasspath": {
        "com.fasterxml.jackson.datatype:jackson-datatype-jsr310": {
            "locked": "2.11.4"
        },
        "com.fasterxml.jackson.module:jackson-module-kotlin": {
            "locked": "2.11.4"
        },
        "com.fasterxml.jackson:jackson-bom": {
            "locked": "2.11.4"
        },
        "com.jayway.jsonpath:json-path": {
            "locked": "2.4.0"
        },
        "io.projectreactor:reactor-core": {
            "locked": "3.4.2"
        },
        "org.jetbrains.kotlin:kotlin-stdlib-jdk8": {
            "locked": "1.4.10"
        },
        "org.springframework.boot:spring-boot-dependencies": {
            "locked": "2.3.8.RELEASE"
        },
        "org.springframework.cloud:spring-cloud-dependencies": {
            "locked": "Hoxton.SR9"
        },
        "org.springframework.security:spring-security-bom": {
            "locked": "5.3.6.RELEASE"
        },
        "org.springframework:spring-framework-bom": {
            "locked": "5.2.12.RELEASE"
        },
        "org.springframework:spring-web": {
            "locked": "5.2.12.RELEASE"
        }
    },
    "testAnnotationProcessor": {
        "com.fasterxml.jackson:jackson-bom": {
            "locked": "2.11.4"
        },
        "org.springframework.boot:spring-boot-dependencies": {
            "locked": "2.3.8.RELEASE"
        },
        "org.springframework.cloud:spring-cloud-dependencies": {
            "locked": "Hoxton.SR9"
        },
        "org.springframework.security:spring-security-bom": {
            "locked": "5.3.6.RELEASE"
        },
        "org.springframework:spring-framework-bom": {
            "locked": "5.2.12.RELEASE"
        }
    },
    "testCompileClasspath": {
        "com.fasterxml.jackson.datatype:jackson-datatype-jsr310": {
            "locked": "2.11.4"
        },
        "com.fasterxml.jackson.module:jackson-module-kotlin": {
            "locked": "2.11.4"
        },
        "com.fasterxml.jackson:jackson-bom": {
            "locked": "2.11.4"
        },
        "com.jayway.jsonpath:json-path": {
            "locked": "2.4.0"
        },
        "io.mockk:mockk": {
            "locked": "1.10.3-jdk8"
        },
        "io.projectreactor:reactor-core": {
            "locked": "3.4.2"
        },
        "org.jetbrains.kotlin:kotlin-stdlib-jdk8": {
            "locked": "1.4.10"
        },
        "org.springframework.boot:spring-boot-dependencies": {
            "locked": "2.3.8.RELEASE"
        },
        "org.springframework.boot:spring-boot-starter-test": {
            "locked": "2.3.8.RELEASE"
        },
        "org.springframework.boot:spring-boot-starter-web": {
            "locked": "2.3.8.RELEASE"
        },
        "org.springframework.boot:spring-boot-starter-webflux": {
            "locked": "2.3.8.RELEASE"
        },
        "org.springframework.cloud:spring-cloud-dependencies": {
            "locked": "Hoxton.SR9"
        },
        "org.springframework.security:spring-security-bom": {
            "locked": "5.3.6.RELEASE"
        },
        "org.springframework:spring-framework-bom": {
            "locked": "5.2.12.RELEASE"
        },
        "org.springframework:spring-test": {
            "locked": "5.2.12.RELEASE"
        },
        "org.springframework:spring-web": {
            "locked": "5.2.12.RELEASE"
        }
    },
    "testRuntimeClasspath": {
        "com.fasterxml.jackson.datatype:jackson-datatype-jsr310": {
            "locked": "2.11.4"
        },
        "com.fasterxml.jackson.module:jackson-module-kotlin": {
            "locked": "2.11.4"
        },
        "com.fasterxml.jackson:jackson-bom": {
            "locked": "2.11.4"
        },
        "com.jayway.jsonpath:json-path": {
            "locked": "2.4.0"
        },
        "io.mockk:mockk": {
            "locked": "1.10.3-jdk8"
        },
        "io.projectreactor:reactor-core": {
            "locked": "3.4.2"
        },
        "org.jetbrains.kotlin:kotlin-stdlib-jdk8": {
            "locked": "1.4.10"
        },
        "org.springframework.boot:spring-boot-dependencies": {
            "locked": "2.3.8.RELEASE"
        },
        "org.springframework.boot:spring-boot-starter-test": {
            "locked": "2.3.8.RELEASE"
        },
        "org.springframework.boot:spring-boot-starter-web": {
            "locked": "2.3.8.RELEASE"
        },
        "org.springframework.boot:spring-boot-starter-webflux": {
            "locked": "2.3.8.RELEASE"
        },
        "org.springframework.cloud:spring-cloud-dependencies": {
            "locked": "Hoxton.SR9"
        },
        "org.springframework.security:spring-security-bom": {
            "locked": "5.3.6.RELEASE"
        },
        "org.springframework:spring-framework-bom": {
            "locked": "5.2.12.RELEASE"
        },
        "org.springframework:spring-test": {
            "locked": "5.2.12.RELEASE"
        },
        "org.springframework:spring-web": {
            "locked": "5.2.12.RELEASE"
        }
    }
}