{
    "apiDependenciesMetadata": {
        "com.graphql-java:graphql-java": {
            "locked": "15.0",
            "requested": "15.0"
        },
        "org.jetbrains.kotlin:kotlin-stdlib-jdk8": {
            "locked": "1.4.10",
            "requested": "1.4.10"
        }
    },
    "compileClasspath": {
        "com.github.javafaker:javafaker": {
            "locked": "1.0.2",
            "requested": "1.+"
        },
        "com.graphql-java:graphql-java": {
            "locked": "15.0",
            "requested": "15.0"
        },
        "org.jetbrains.kotlin:kotlin-stdlib-jdk8": {
            "locked": "1.4.10",
            "requested": "1.4.10"
        },
        "org.springframework.boot:spring-boot-dependencies": {
            "locked": "2.3.6.RELEASE",
            "requested": "2.3.6.RELEASE"
        }
    },
    "implementationDependenciesMetadata": {
        "com.github.javafaker:javafaker": {
            "locked": "1.0.2",
            "requested": "1.+"
        },
        "com.graphql-java:graphql-java": {
            "locked": "15.0",
            "requested": "15.0"
        },
        "org.jetbrains.kotlin:kotlin-stdlib-jdk8": {
            "locked": "1.4.10",
            "requested": "1.4.10"
        },
        "org.springframework.boot:spring-boot-dependencies": {
            "locked": "2.3.6.RELEASE",
            "requested": "2.3.6.RELEASE"
        }
    },
    "kotlinCompilerClasspath": {
        "org.jetbrains.kotlin:kotlin-compiler-embeddable": {
            "locked": "1.4.10"
        }
    },
    "kotlinCompilerPluginClasspath": {
        "org.jetbrains.kotlin:kotlin-scripting-compiler-embeddable": {
            "locked": "1.4.10",
            "requested": "1.4.10"
        }
    },
    "kotlinKlibCommonizerClasspath": {
        "org.jetbrains.kotlin:kotlin-klib-commonizer-embeddable": {
            "locked": "1.4.10"
        }
    },
    "runtimeClasspath": {
        "com.github.javafaker:javafaker": {
            "locked": "1.0.2",
            "requested": "1.+"
        },
        "com.graphql-java:graphql-java": {
            "locked": "15.0",
            "requested": "15.0"
        },
        "org.jetbrains.kotlin:kotlin-stdlib-jdk8": {
            "locked": "1.4.10",
            "requested": "1.4.10"
        },
        "org.springframework.boot:spring-boot-dependencies": {
            "locked": "2.3.6.RELEASE",
            "requested": "2.3.6.RELEASE"
        }
    },
    "testCompileClasspath": {
        "com.github.javafaker:javafaker": {
            "locked": "1.0.2",
            "requested": "1.+"
        },
        "com.graphql-java:graphql-java": {
            "locked": "15.0",
            "requested": "15.0"
        },
        "org.jetbrains.kotlin:kotlin-stdlib-jdk8": {
            "locked": "1.4.10",
            "requested": "1.4.10"
        },
        "org.springframework.boot:spring-boot-dependencies": {
            "locked": "2.3.6.RELEASE",
            "requested": "2.3.6.RELEASE"
        },
        "org.springframework.boot:spring-boot-starter-test": {
            "locked": "2.3.6.RELEASE"
        }
    },
    "testImplementationDependenciesMetadata": {
        "com.github.javafaker:javafaker": {
            "locked": "1.0.2",
            "requested": "1.+"
        },
        "com.graphql-java:graphql-java": {
            "locked": "15.0",
            "requested": "15.0"
        },
        "org.jetbrains.kotlin:kotlin-stdlib-jdk8": {
            "locked": "1.4.10",
            "requested": "1.4.10"
        },
        "org.springframework.boot:spring-boot-dependencies": {
            "locked": "2.3.6.RELEASE",
            "requested": "2.3.6.RELEASE"
        },
        "org.springframework.boot:spring-boot-starter-test": {
            "locked": "2.3.6.RELEASE"
        }
    },
    "testRuntimeClasspath": {
        "com.github.javafaker:javafaker": {
            "locked": "1.0.2",
            "requested": "1.+"
        },
        "com.graphql-java:graphql-java": {
            "locked": "15.0",
            "requested": "15.0"
        },
        "org.jetbrains.kotlin:kotlin-stdlib-jdk8": {
            "locked": "1.4.10",
            "requested": "1.4.10"
        },
        "org.springframework.boot:spring-boot-dependencies": {
            "locked": "2.3.6.RELEASE",
            "requested": "2.3.6.RELEASE"
        },
        "org.springframework.boot:spring-boot-starter-test": {
            "locked": "2.3.6.RELEASE"
        }
    }
}