{
    "annotationProcessor": {
        "org.springframework.boot:spring-boot-autoconfigure-processor": {
            "locked": "3.3.5"
        },
        "org.springframework.boot:spring-boot-configuration-processor": {
            "locked": "3.3.5"
        }
    },
    "apiDependenciesMetadata": {
        "com.netflix.graphql.dgs:graphql-dgs-platform": {
            "project": true
        },
        "org.jetbrains.kotlin:kotlin-stdlib": {
            "locked": "1.9.25"
        }
    },
    "compileClasspath": {
        "com.netflix.graphql.dgs:graphql-dgs-platform": {
            "project": true
        },
        "org.jetbrains.kotlin:kotlin-stdlib": {
            "locked": "1.9.25"
        },
        "org.springframework.boot:spring-boot-autoconfigure": {
            "locked": "3.3.5"
        },
        "org.springframework.boot:spring-boot-test-autoconfigure": {
            "locked": "3.3.5"
        }
    },
    "implementationDependenciesMetadata": {
        "com.netflix.graphql.dgs:graphql-dgs-platform": {
            "project": true
        },
        "org.jetbrains.kotlin:kotlin-stdlib": {
            "locked": "1.9.25"
        },
        "org.springframework.boot:spring-boot-autoconfigure": {
            "locked": "3.3.5"
        },
        "org.springframework.boot:spring-boot-test-autoconfigure": {
            "locked": "3.3.5"
        }
    },
    "jmh": {
        "org.openjdk.jmh:jmh-core": {
            "locked": "1.37"
        },
        "org.openjdk.jmh:jmh-generator-annprocess": {
            "locked": "1.37"
        },
        "org.openjdk.jmh:jmh-generator-bytecode": {
            "locked": "1.36"
        }
    },
    "jmhApiDependenciesMetadata": {
        "org.jetbrains.kotlin:kotlin-stdlib": {
            "locked": "1.9.25"
        }
    },
    "jmhCompileClasspath": {
        "com.netflix.graphql.dgs:graphql-dgs-platform": {
            "project": true
        },
        "org.jetbrains.kotlin:kotlin-stdlib": {
            "locked": "1.9.25"
        },
        "org.openjdk.jmh:jmh-core": {
            "locked": "1.37"
        },
        "org.openjdk.jmh:jmh-generator-annprocess": {
            "locked": "1.37"
        },
        "org.openjdk.jmh:jmh-generator-bytecode": {
            "locked": "1.36"
        },
        "org.springframework.boot:spring-boot-autoconfigure": {
            "locked": "3.3.5"
        },
        "org.springframework.boot:spring-boot-test-autoconfigure": {
            "locked": "3.3.5"
        }
    },
    "jmhImplementationDependenciesMetadata": {
        "org.jetbrains.kotlin:kotlin-stdlib": {
            "locked": "1.9.25"
        },
        "org.openjdk.jmh:jmh-core": {
            "locked": "1.37"
        },
        "org.openjdk.jmh:jmh-generator-annprocess": {
            "locked": "1.37"
        },
        "org.openjdk.jmh:jmh-generator-bytecode": {
            "locked": "1.36"
        }
    },
    "jmhRuntimeClasspath": {
        "com.netflix.graphql.dgs:graphql-dgs-platform": {
            "project": true
        },
        "io.mockk:mockk": {
            "locked": "1.13.13"
        },
        "org.jetbrains.kotlin:kotlin-stdlib": {
            "locked": "1.9.25"
        },
        "org.openjdk.jmh:jmh-core": {
            "locked": "1.37"
        },
        "org.openjdk.jmh:jmh-generator-annprocess": {
            "locked": "1.37"
        },
        "org.openjdk.jmh:jmh-generator-bytecode": {
            "locked": "1.36"
        },
        "org.springframework.boot:spring-boot-autoconfigure": {
            "locked": "3.3.5"
        },
        "org.springframework.boot:spring-boot-starter-test": {
            "locked": "3.3.5"
        },
        "org.springframework.boot:spring-boot-test-autoconfigure": {
            "locked": "3.3.5"
        }
    },
    "kotlinBuildToolsApiClasspath": {
        "org.jetbrains.kotlin:kotlin-build-tools-impl": {
            "locked": "1.9.25"
        }
    },
    "kotlinCompilerClasspath": {
        "org.jetbrains.kotlin:kotlin-compiler-embeddable": {
            "locked": "1.9.25"
        }
    },
    "kotlinCompilerPluginClasspathJmh": {
        "org.jetbrains.kotlin:kotlin-scripting-compiler-embeddable": {
            "locked": "1.9.25"
        }
    },
    "kotlinCompilerPluginClasspathMain": {
        "org.jetbrains.kotlin:kotlin-scripting-compiler-embeddable": {
            "locked": "1.9.25"
        }
    },
    "kotlinCompilerPluginClasspathTest": {
        "org.jetbrains.kotlin:kotlin-scripting-compiler-embeddable": {
            "locked": "1.9.25"
        }
    },
    "kotlinKlibCommonizerClasspath": {
        "org.jetbrains.kotlin:kotlin-klib-commonizer-embeddable": {
            "locked": "1.9.25"
        }
    },
    "runtimeClasspath": {
        "com.netflix.graphql.dgs:graphql-dgs-platform": {
            "project": true
        },
        "org.jetbrains.kotlin:kotlin-stdlib": {
            "locked": "1.9.25"
        },
        "org.springframework.boot:spring-boot-autoconfigure": {
            "locked": "3.3.5"
        },
        "org.springframework.boot:spring-boot-test-autoconfigure": {
            "locked": "3.3.5"
        }
    },
    "testCompileClasspath": {
        "com.netflix.graphql.dgs:graphql-dgs-platform": {
            "project": true
        },
        "io.mockk:mockk": {
            "locked": "1.13.13"
        },
        "org.jetbrains.kotlin:kotlin-stdlib": {
            "locked": "1.9.25"
        },
        "org.springframework.boot:spring-boot-autoconfigure": {
            "locked": "3.3.5"
        },
        "org.springframework.boot:spring-boot-starter-test": {
            "locked": "3.3.5"
        },
        "org.springframework.boot:spring-boot-test-autoconfigure": {
            "locked": "3.3.5"
        }
    },
    "testImplementationDependenciesMetadata": {
        "com.netflix.graphql.dgs:graphql-dgs-platform": {
            "project": true
        },
        "io.mockk:mockk": {
            "locked": "1.13.13"
        },
        "org.jetbrains.kotlin:kotlin-stdlib": {
            "locked": "1.9.25"
        },
        "org.springframework.boot:spring-boot-autoconfigure": {
            "locked": "3.3.5"
        },
        "org.springframework.boot:spring-boot-starter-test": {
            "locked": "3.3.5"
        },
        "org.springframework.boot:spring-boot-test-autoconfigure": {
            "locked": "3.3.5"
        }
    },
    "testRuntimeClasspath": {
        "com.netflix.graphql.dgs:graphql-dgs-platform": {
            "project": true
        },
        "io.mockk:mockk": {
            "locked": "1.13.13"
        },
        "org.jetbrains.kotlin:kotlin-stdlib": {
            "locked": "1.9.25"
        },
        "org.springframework.boot:spring-boot-autoconfigure": {
            "locked": "3.3.5"
        },
        "org.springframework.boot:spring-boot-starter-test": {
            "locked": "3.3.5"
        },
        "org.springframework.boot:spring-boot-test-autoconfigure": {
            "locked": "3.3.5"
        }
    }
}