{
    "annotationProcessor": {
        "com.fasterxml.jackson:jackson-bom": {
            "locked": "2.11.4"
        },
        "org.springframework.boot:spring-boot-autoconfigure-processor": {
            "locked": "2.3.6.RELEASE"
        },
        "org.springframework.boot:spring-boot-configuration-processor": {
            "locked": "2.3.6.RELEASE"
        },
        "org.springframework.boot:spring-boot-dependencies": {
            "locked": "2.3.6.RELEASE"
        },
        "org.springframework.cloud:spring-cloud-dependencies": {
            "locked": "Hoxton.SR9"
        },
        "org.springframework.security:spring-security-bom": {
            "locked": "5.3.6.RELEASE"
        },
        "org.springframework:spring-framework-bom": {
            "locked": "5.2.12.RELEASE"
        }
    },
    "compileClasspath": {
        "com.apollographql.federation:federation-graphql-java-support": {
            "locked": "0.6.3"
        },
        "com.fasterxml.jackson.datatype:jackson-datatype-jsr310": {
            "locked": "2.11.4"
        },
        "com.fasterxml.jackson.module:jackson-module-kotlin": {
            "locked": "2.11.4"
        },
        "com.fasterxml.jackson:jackson-bom": {
            "locked": "2.11.4"
        },
        "com.graphql-java:graphql-java": {
            "firstLevelTransitive": [
                "com.netflix.graphql.dgs:graphql-dgs-mocking",
                "com.netflix.graphql.dgs:graphql-error-types"
            ],
            "locked": "16.2"
        },
        "com.jayway.jsonpath:json-path": {
            "locked": "2.5.0"
        },
        "com.netflix.graphql.dgs:graphql-dgs-mocking": {
            "project": true
        },
        "com.netflix.graphql.dgs:graphql-error-types": {
            "project": true
        },
        "org.jetbrains.kotlin:kotlin-stdlib-jdk8": {
            "firstLevelTransitive": [
                "com.netflix.graphql.dgs:graphql-dgs-mocking",
                "com.netflix.graphql.dgs:graphql-error-types"
            ],
            "locked": "1.4.31"
        },
        "org.springframework.boot:spring-boot-dependencies": {
            "locked": "2.3.6.RELEASE"
        },
        "org.springframework.cloud:spring-cloud-dependencies": {
            "locked": "Hoxton.SR9"
        },
        "org.springframework.security:spring-security-bom": {
            "locked": "5.3.6.RELEASE"
        },
        "org.springframework.security:spring-security-core": {
            "locked": "5.3.6.RELEASE"
        },
        "org.springframework:spring-context": {
            "locked": "5.2.12.RELEASE"
        },
        "org.springframework:spring-framework-bom": {
            "locked": "5.2.12.RELEASE"
        },
        "org.springframework:spring-web": {
            "locked": "5.2.12.RELEASE"
        }
    },
    "kapt": {
        "org.springframework.boot:spring-boot-autoconfigure-processor": {
            "locked": "2.3.6.RELEASE"
        },
        "org.springframework.boot:spring-boot-configuration-processor": {
            "locked": "2.3.6.RELEASE"
        }
    },
    "kaptTest": {
        "org.springframework.boot:spring-boot-autoconfigure-processor": {
            "locked": "2.3.6.RELEASE"
        },
        "org.springframework.boot:spring-boot-configuration-processor": {
            "locked": "2.3.6.RELEASE"
        }
    },
    "kotlinCompilerClasspath": {
        "com.fasterxml.jackson:jackson-bom": {
            "locked": "2.11.4"
        },
        "org.jetbrains.kotlin:kotlin-compiler-embeddable": {
            "locked": "1.4.31"
        },
        "org.springframework.boot:spring-boot-dependencies": {
            "locked": "2.3.6.RELEASE"
        },
        "org.springframework.cloud:spring-cloud-dependencies": {
            "locked": "Hoxton.SR9"
        },
        "org.springframework.security:spring-security-bom": {
            "locked": "5.3.6.RELEASE"
        },
        "org.springframework:spring-framework-bom": {
            "locked": "5.2.12.RELEASE"
        }
    },
    "kotlinCompilerPluginClasspath": {
        "com.fasterxml.jackson:jackson-bom": {
            "locked": "2.11.4"
        },
        "org.jetbrains.kotlin:kotlin-annotation-processing-gradle": {
            "locked": "1.4.31"
        },
        "org.jetbrains.kotlin:kotlin-scripting-compiler-embeddable": {
            "locked": "1.4.31"
        },
        "org.springframework.boot:spring-boot-dependencies": {
            "locked": "2.3.6.RELEASE"
        },
        "org.springframework.cloud:spring-cloud-dependencies": {
            "locked": "Hoxton.SR9"
        },
        "org.springframework.security:spring-security-bom": {
            "locked": "5.3.6.RELEASE"
        },
        "org.springframework:spring-framework-bom": {
            "locked": "5.2.12.RELEASE"
        }
    },
    "kotlinKaptWorkerDependencies": {
        "org.jetbrains.kotlin:kotlin-annotation-processing-gradle": {
            "locked": "1.4.31"
        }
    },
    "kotlinKlibCommonizerClasspath": {
        "com.fasterxml.jackson:jackson-bom": {
            "locked": "2.11.4"
        },
        "org.jetbrains.kotlin:kotlin-klib-commonizer-embeddable": {
            "locked": "1.4.31"
        },
        "org.springframework.boot:spring-boot-dependencies": {
            "locked": "2.3.6.RELEASE"
        },
        "org.springframework.cloud:spring-cloud-dependencies": {
            "locked": "Hoxton.SR9"
        },
        "org.springframework.security:spring-security-bom": {
            "locked": "5.3.6.RELEASE"
        },
        "org.springframework:spring-framework-bom": {
            "locked": "5.2.12.RELEASE"
        }
    },
    "kotlinNativeCompilerPluginClasspath": {
        "com.fasterxml.jackson:jackson-bom": {
            "locked": "2.11.4"
        },
        "org.springframework.boot:spring-boot-dependencies": {
            "locked": "2.3.6.RELEASE"
        },
        "org.springframework.cloud:spring-cloud-dependencies": {
            "locked": "Hoxton.SR9"
        },
        "org.springframework.security:spring-security-bom": {
            "locked": "5.3.6.RELEASE"
        },
        "org.springframework:spring-framework-bom": {
            "locked": "5.2.12.RELEASE"
        }
    },
    "ktlint": {
        "com.pinterest:ktlint": {
            "locked": "0.40.0"
        }
    },
    "nebulaRecommenderBom": {
        "com.fasterxml.jackson:jackson-bom": {
            "locked": "2.11.4"
        },
        "org.springframework.boot:spring-boot-dependencies": {
            "locked": "2.3.6.RELEASE"
        },
        "org.springframework.cloud:spring-cloud-dependencies": {
            "locked": "Hoxton.SR9"
        },
        "org.springframework.security:spring-security-bom": {
            "locked": "5.3.6.RELEASE"
        },
        "org.springframework:spring-framework-bom": {
            "locked": "5.2.12.RELEASE"
        }
    },
    "runtimeClasspath": {
        "com.apollographql.federation:federation-graphql-java-support": {
            "locked": "0.6.3"
        },
        "com.fasterxml.jackson.datatype:jackson-datatype-jsr310": {
            "locked": "2.11.4"
        },
        "com.fasterxml.jackson.module:jackson-module-kotlin": {
            "locked": "2.11.4"
        },
        "com.fasterxml.jackson:jackson-bom": {
            "locked": "2.11.4"
        },
        "com.github.javafaker:javafaker": {
            "firstLevelTransitive": [
                "com.netflix.graphql.dgs:graphql-dgs-mocking"
            ],
            "locked": "1.0.2"
        },
        "com.graphql-java:graphql-java": {
            "firstLevelTransitive": [
                "com.netflix.graphql.dgs:graphql-dgs-mocking",
                "com.netflix.graphql.dgs:graphql-error-types"
            ],
            "locked": "16.2"
        },
        "com.jayway.jsonpath:json-path": {
            "locked": "2.5.0"
        },
        "com.netflix.graphql.dgs:graphql-dgs-mocking": {
            "project": true
        },
        "com.netflix.graphql.dgs:graphql-error-types": {
            "project": true
        },
        "org.jetbrains.kotlin:kotlin-stdlib-jdk8": {
            "firstLevelTransitive": [
                "com.netflix.graphql.dgs:graphql-dgs-mocking",
                "com.netflix.graphql.dgs:graphql-error-types"
            ],
            "locked": "1.4.31"
        },
        "org.slf4j:slf4j-api": {
            "firstLevelTransitive": [
                "com.netflix.graphql.dgs:graphql-dgs-mocking"
            ],
            "locked": "1.7.30"
        },
        "org.springframework.boot:spring-boot-dependencies": {
            "locked": "2.3.6.RELEASE"
        },
        "org.springframework.cloud:spring-cloud-dependencies": {
            "locked": "Hoxton.SR9"
        },
        "org.springframework.security:spring-security-bom": {
            "locked": "5.3.6.RELEASE"
        },
        "org.springframework.security:spring-security-core": {
            "locked": "5.3.6.RELEASE"
        },
        "org.springframework:spring-context": {
            "locked": "5.2.12.RELEASE"
        },
        "org.springframework:spring-framework-bom": {
            "locked": "5.2.12.RELEASE"
        },
        "org.springframework:spring-web": {
            "locked": "5.2.12.RELEASE"
        }
    },
    "testAnnotationProcessor": {
        "com.fasterxml.jackson:jackson-bom": {
            "locked": "2.11.4"
        },
        "org.springframework.boot:spring-boot-dependencies": {
            "locked": "2.3.6.RELEASE"
        },
        "org.springframework.cloud:spring-cloud-dependencies": {
            "locked": "Hoxton.SR9"
        },
        "org.springframework.security:spring-security-bom": {
            "locked": "5.3.6.RELEASE"
        },
        "org.springframework:spring-framework-bom": {
            "locked": "5.2.12.RELEASE"
        }
    },
    "testCompileClasspath": {
        "com.apollographql.federation:federation-graphql-java-support": {
            "locked": "0.6.3"
        },
        "com.fasterxml.jackson.datatype:jackson-datatype-jsr310": {
            "locked": "2.11.4"
        },
        "com.fasterxml.jackson.module:jackson-module-kotlin": {
            "locked": "2.11.4"
        },
        "com.fasterxml.jackson:jackson-bom": {
            "locked": "2.11.4"
        },
        "com.graphql-java:graphql-java": {
            "firstLevelTransitive": [
                "com.netflix.graphql.dgs:graphql-dgs-mocking",
                "com.netflix.graphql.dgs:graphql-error-types"
            ],
            "locked": "16.2"
        },
        "com.jayway.jsonpath:json-path": {
            "locked": "2.5.0"
        },
        "com.netflix.graphql.dgs:graphql-dgs-mocking": {
            "project": true
        },
        "com.netflix.graphql.dgs:graphql-error-types": {
            "project": true
        },
        "io.mockk:mockk": {
            "locked": "1.10.3-jdk8"
        },
        "io.reactivex.rxjava3:rxjava": {
            "locked": "3.0.11"
        },
        "org.jetbrains.kotlin:kotlin-stdlib-jdk8": {
            "firstLevelTransitive": [
                "com.netflix.graphql.dgs:graphql-dgs-mocking",
                "com.netflix.graphql.dgs:graphql-error-types"
            ],
            "locked": "1.4.31"
        },
        "org.springframework.boot:spring-boot-dependencies": {
            "locked": "2.3.6.RELEASE"
        },
        "org.springframework.boot:spring-boot-starter-test": {
            "locked": "2.3.6.RELEASE"
        },
        "org.springframework.cloud:spring-cloud-dependencies": {
            "locked": "Hoxton.SR9"
        },
        "org.springframework.security:spring-security-bom": {
            "locked": "5.3.6.RELEASE"
        },
        "org.springframework.security:spring-security-core": {
            "locked": "5.3.6.RELEASE"
        },
        "org.springframework:spring-context": {
            "locked": "5.2.12.RELEASE"
        },
        "org.springframework:spring-framework-bom": {
            "locked": "5.2.12.RELEASE"
        },
        "org.springframework:spring-web": {
            "locked": "5.2.12.RELEASE"
        }
    },
    "testRuntimeClasspath": {
        "com.apollographql.federation:federation-graphql-java-support": {
            "locked": "0.6.3"
        },
        "com.fasterxml.jackson.datatype:jackson-datatype-jsr310": {
            "locked": "2.11.4"
        },
        "com.fasterxml.jackson.module:jackson-module-kotlin": {
            "locked": "2.11.4"
        },
        "com.fasterxml.jackson:jackson-bom": {
            "locked": "2.11.4"
        },
        "com.github.javafaker:javafaker": {
            "firstLevelTransitive": [
                "com.netflix.graphql.dgs:graphql-dgs-mocking"
            ],
            "locked": "1.0.2"
        },
        "com.graphql-java:graphql-java": {
            "firstLevelTransitive": [
                "com.netflix.graphql.dgs:graphql-dgs-mocking",
                "com.netflix.graphql.dgs:graphql-error-types"
            ],
            "locked": "16.2"
        },
        "com.jayway.jsonpath:json-path": {
            "locked": "2.5.0"
        },
        "com.netflix.graphql.dgs:graphql-dgs-mocking": {
            "project": true
        },
        "com.netflix.graphql.dgs:graphql-error-types": {
            "project": true
        },
        "io.mockk:mockk": {
            "locked": "1.10.3-jdk8"
        },
        "io.reactivex.rxjava3:rxjava": {
            "locked": "3.0.11"
        },
        "org.jetbrains.kotlin:kotlin-stdlib-jdk8": {
            "firstLevelTransitive": [
                "com.netflix.graphql.dgs:graphql-dgs-mocking",
                "com.netflix.graphql.dgs:graphql-error-types"
            ],
            "locked": "1.4.31"
        },
        "org.slf4j:slf4j-api": {
            "firstLevelTransitive": [
                "com.netflix.graphql.dgs:graphql-dgs-mocking"
            ],
            "locked": "1.7.30"
        },
        "org.springframework.boot:spring-boot-dependencies": {
            "locked": "2.3.6.RELEASE"
        },
        "org.springframework.boot:spring-boot-starter-test": {
            "locked": "2.3.6.RELEASE"
        },
        "org.springframework.cloud:spring-cloud-dependencies": {
            "locked": "Hoxton.SR9"
        },
        "org.springframework.security:spring-security-bom": {
            "locked": "5.3.6.RELEASE"
        },
        "org.springframework.security:spring-security-core": {
            "locked": "5.3.6.RELEASE"
        },
        "org.springframework:spring-context": {
            "locked": "5.2.12.RELEASE"
        },
        "org.springframework:spring-framework-bom": {
            "locked": "5.2.12.RELEASE"
        },
        "org.springframework:spring-web": {
            "locked": "5.2.12.RELEASE"
        }
    }
}