{
    "apiDependenciesMetadata": {
        "com.graphql-java:graphql-java": {
            "firstLevelTransitive": [
                "com.netflix.graphql.dgs:graphql-error-types"
            ],
            "locked": "25.0.beta-5"
        },
        "com.graphql-java:java-dataloader": {
            "locked": "5.0.3"
        },
        "com.jayway.jsonpath:json-path": {
            "locked": "2.9.0"
        },
        "com.netflix.graphql.dgs:graphql-dgs-platform": {
            "firstLevelTransitive": [
                "com.netflix.graphql.dgs:graphql-error-types"
            ],
            "project": true
        },
        "com.netflix.graphql.dgs:graphql-error-types": {
            "project": true
        },
        "org.jetbrains.kotlin:kotlin-stdlib": {
            "firstLevelTransitive": [
                "com.netflix.graphql.dgs:graphql-error-types"
            ],
            "locked": "2.2.20"
        }
    },
    "compileClasspath": {
        "com.apollographql.federation:federation-graphql-java-support": {
            "locked": "5.3.0"
        },
        "com.fasterxml.jackson.datatype:jackson-datatype-jsr310": {
            "locked": "2.20.0"
        },
        "com.fasterxml.jackson.module:jackson-module-kotlin": {
            "locked": "2.20.0"
        },
        "com.github.ben-manes.caffeine:caffeine": {
            "locked": "3.2.2"
        },
        "com.graphql-java:graphql-java": {
            "firstLevelTransitive": [
                "com.netflix.graphql.dgs:graphql-error-types"
            ],
            "locked": "25.0.beta-5"
        },
        "com.graphql-java:java-dataloader": {
            "locked": "5.0.3"
        },
        "com.jayway.jsonpath:json-path": {
            "locked": "2.9.0"
        },
        "com.netflix.graphql.dgs:graphql-dgs-platform": {
            "firstLevelTransitive": [
                "com.netflix.graphql.dgs:graphql-error-types"
            ],
            "project": true
        },
        "com.netflix.graphql.dgs:graphql-error-types": {
            "project": true
        },
        "io.micrometer:context-propagation": {
            "locked": "1.2.0-M1"
        },
        "io.projectreactor:reactor-core": {
            "locked": "3.8.0-M7"
        },
        "jakarta.annotation:jakarta.annotation-api": {
            "locked": "3.0.0"
        },
        "org.jetbrains.kotlin:kotlin-reflect": {
            "locked": "2.2.20"
        },
        "org.jetbrains.kotlin:kotlin-stdlib": {
            "firstLevelTransitive": [
                "com.netflix.graphql.dgs:graphql-error-types"
            ],
            "locked": "2.2.20"
        },
        "org.jetbrains.kotlinx:kotlinx-coroutines-core": {
            "locked": "1.10.2"
        },
        "org.jetbrains.kotlinx:kotlinx-coroutines-reactor": {
            "locked": "1.10.2"
        },
        "org.jetbrains:annotations": {
            "locked": "26.0.2-1"
        },
        "org.slf4j:slf4j-api": {
            "locked": "2.0.17"
        },
        "org.springframework.security:spring-security-core": {
            "locked": "7.0.0-M3"
        },
        "org.springframework:spring-context": {
            "locked": "7.0.0-M9"
        },
        "org.springframework:spring-web": {
            "locked": "7.0.0-M9"
        }
    },
    "compileOnlyDependenciesMetadata": {
        "com.github.ben-manes.caffeine:caffeine": {
            "locked": "3.2.2"
        },
        "io.projectreactor:reactor-core": {
            "locked": "3.8.0-M7"
        },
        "jakarta.annotation:jakarta.annotation-api": {
            "locked": "3.0.0"
        },
        "org.springframework.security:spring-security-core": {
            "locked": "7.0.0-M3"
        }
    },
    "implementationDependenciesMetadata": {
        "com.apollographql.federation:federation-graphql-java-support": {
            "locked": "5.3.0"
        },
        "com.fasterxml.jackson.datatype:jackson-datatype-jsr310": {
            "locked": "2.20.0"
        },
        "com.fasterxml.jackson.module:jackson-module-kotlin": {
            "locked": "2.20.0"
        },
        "com.graphql-java:graphql-java": {
            "firstLevelTransitive": [
                "com.netflix.graphql.dgs:graphql-error-types"
            ],
            "locked": "25.0.beta-5"
        },
        "com.graphql-java:java-dataloader": {
            "locked": "5.0.3"
        },
        "com.jayway.jsonpath:json-path": {
            "locked": "2.9.0"
        },
        "com.netflix.graphql.dgs:graphql-dgs-platform": {
            "firstLevelTransitive": [
                "com.netflix.graphql.dgs:graphql-error-types"
            ],
            "project": true
        },
        "com.netflix.graphql.dgs:graphql-error-types": {
            "project": true
        },
        "io.micrometer:context-propagation": {
            "locked": "1.2.0-M1"
        },
        "org.jetbrains.kotlin:kotlin-reflect": {
            "locked": "2.2.20"
        },
        "org.jetbrains.kotlin:kotlin-stdlib": {
            "firstLevelTransitive": [
                "com.netflix.graphql.dgs:graphql-error-types"
            ],
            "locked": "2.2.20"
        },
        "org.jetbrains.kotlinx:kotlinx-coroutines-core": {
            "locked": "1.10.2"
        },
        "org.jetbrains.kotlinx:kotlinx-coroutines-reactor": {
            "locked": "1.10.2"
        },
        "org.jetbrains:annotations": {
            "locked": "26.0.2-1"
        },
        "org.slf4j:slf4j-api": {
            "locked": "2.0.17"
        },
        "org.springframework:spring-context": {
            "locked": "7.0.0-M9"
        },
        "org.springframework:spring-web": {
            "locked": "7.0.0-M9"
        }
    },
    "jmh": {
        "org.openjdk.jmh:jmh-core": {
            "locked": "1.37"
        },
        "org.openjdk.jmh:jmh-generator-annprocess": {
            "locked": "1.37"
        },
        "org.openjdk.jmh:jmh-generator-bytecode": {
            "locked": "1.36"
        }
    },
    "jmhApiDependenciesMetadata": {
        "com.graphql-java:graphql-java": {
            "firstLevelTransitive": [
                "com.netflix.graphql.dgs:graphql-error-types"
            ],
            "locked": "25.0.beta-5"
        },
        "com.graphql-java:java-dataloader": {
            "locked": "5.0.3"
        },
        "com.jayway.jsonpath:json-path": {
            "locked": "2.9.0"
        },
        "com.netflix.graphql.dgs:graphql-dgs-platform": {
            "firstLevelTransitive": [
                "com.netflix.graphql.dgs:graphql-error-types"
            ],
            "project": true
        },
        "com.netflix.graphql.dgs:graphql-error-types": {
            "project": true
        },
        "org.jetbrains.kotlin:kotlin-stdlib": {
            "firstLevelTransitive": [
                "com.netflix.graphql.dgs:graphql-error-types"
            ],
            "locked": "2.2.20"
        }
    },
    "jmhCompileClasspath": {
        "com.apollographql.federation:federation-graphql-java-support": {
            "locked": "5.3.0"
        },
        "com.fasterxml.jackson.datatype:jackson-datatype-jsr310": {
            "locked": "2.20.0"
        },
        "com.fasterxml.jackson.module:jackson-module-kotlin": {
            "locked": "2.20.0"
        },
        "com.github.ben-manes.caffeine:caffeine": {
            "locked": "3.2.2"
        },
        "com.graphql-java:graphql-java": {
            "firstLevelTransitive": [
                "com.netflix.graphql.dgs:graphql-error-types"
            ],
            "locked": "25.0.beta-5"
        },
        "com.graphql-java:java-dataloader": {
            "locked": "5.0.3"
        },
        "com.jayway.jsonpath:json-path": {
            "locked": "2.9.0"
        },
        "com.netflix.graphql.dgs:graphql-dgs-platform": {
            "firstLevelTransitive": [
                "com.netflix.graphql.dgs:graphql-error-types"
            ],
            "project": true
        },
        "com.netflix.graphql.dgs:graphql-error-types": {
            "project": true
        },
        "io.micrometer:context-propagation": {
            "locked": "1.2.0-M1"
        },
        "io.projectreactor:reactor-core": {
            "locked": "3.8.0-M7"
        },
        "jakarta.annotation:jakarta.annotation-api": {
            "locked": "3.0.0"
        },
        "org.jetbrains.kotlin:kotlin-reflect": {
            "locked": "2.2.20"
        },
        "org.jetbrains.kotlin:kotlin-stdlib": {
            "firstLevelTransitive": [
                "com.netflix.graphql.dgs:graphql-error-types"
            ],
            "locked": "2.2.20"
        },
        "org.jetbrains.kotlinx:kotlinx-coroutines-core": {
            "locked": "1.10.2"
        },
        "org.jetbrains.kotlinx:kotlinx-coroutines-reactor": {
            "locked": "1.10.2"
        },
        "org.jetbrains:annotations": {
            "locked": "26.0.2-1"
        },
        "org.openjdk.jmh:jmh-core": {
            "locked": "1.37"
        },
        "org.openjdk.jmh:jmh-generator-annprocess": {
            "locked": "1.37"
        },
        "org.openjdk.jmh:jmh-generator-bytecode": {
            "locked": "1.36"
        },
        "org.slf4j:slf4j-api": {
            "locked": "2.0.17"
        },
        "org.springframework.security:spring-security-core": {
            "locked": "7.0.0-M3"
        },
        "org.springframework:spring-context": {
            "locked": "7.0.0-M9"
        },
        "org.springframework:spring-web": {
            "locked": "7.0.0-M9"
        }
    },
    "jmhCompileOnlyDependenciesMetadata": {
        "com.github.ben-manes.caffeine:caffeine": {
            "locked": "3.2.2"
        },
        "io.projectreactor:reactor-core": {
            "locked": "3.8.0-M7"
        },
        "jakarta.annotation:jakarta.annotation-api": {
            "locked": "3.0.0"
        },
        "org.springframework.security:spring-security-core": {
            "locked": "7.0.0-M3"
        }
    },
    "jmhImplementationDependenciesMetadata": {
        "com.apollographql.federation:federation-graphql-java-support": {
            "locked": "5.3.0"
        },
        "com.fasterxml.jackson.datatype:jackson-datatype-jsr310": {
            "locked": "2.20.0"
        },
        "com.fasterxml.jackson.module:jackson-module-kotlin": {
            "locked": "2.20.0"
        },
        "com.graphql-java:graphql-java": {
            "firstLevelTransitive": [
                "com.netflix.graphql.dgs:graphql-error-types"
            ],
            "locked": "25.0.beta-5"
        },
        "com.graphql-java:java-dataloader": {
            "locked": "5.0.3"
        },
        "com.jayway.jsonpath:json-path": {
            "locked": "2.9.0"
        },
        "com.netflix.graphql.dgs:graphql-dgs-platform": {
            "firstLevelTransitive": [
                "com.netflix.graphql.dgs:graphql-error-types"
            ],
            "project": true
        },
        "com.netflix.graphql.dgs:graphql-error-types": {
            "project": true
        },
        "io.micrometer:context-propagation": {
            "locked": "1.2.0-M1"
        },
        "org.jetbrains.kotlin:kotlin-reflect": {
            "locked": "2.2.20"
        },
        "org.jetbrains.kotlin:kotlin-stdlib": {
            "firstLevelTransitive": [
                "com.netflix.graphql.dgs:graphql-error-types"
            ],
            "locked": "2.2.20"
        },
        "org.jetbrains.kotlinx:kotlinx-coroutines-core": {
            "locked": "1.10.2"
        },
        "org.jetbrains.kotlinx:kotlinx-coroutines-reactor": {
            "locked": "1.10.2"
        },
        "org.jetbrains:annotations": {
            "locked": "26.0.2-1"
        },
        "org.openjdk.jmh:jmh-core": {
            "locked": "1.37"
        },
        "org.openjdk.jmh:jmh-generator-annprocess": {
            "locked": "1.37"
        },
        "org.openjdk.jmh:jmh-generator-bytecode": {
            "locked": "1.36"
        },
        "org.slf4j:slf4j-api": {
            "locked": "2.0.17"
        },
        "org.springframework:spring-context": {
            "locked": "7.0.0-M9"
        },
        "org.springframework:spring-web": {
            "locked": "7.0.0-M9"
        }
    },
    "jmhRuntimeClasspath": {
        "com.apollographql.federation:federation-graphql-java-support": {
            "locked": "5.3.0"
        },
        "com.fasterxml.jackson.datatype:jackson-datatype-jsr310": {
            "locked": "2.20.0"
        },
        "com.fasterxml.jackson.module:jackson-module-kotlin": {
            "locked": "2.20.0"
        },
        "com.graphql-java:graphql-java": {
            "firstLevelTransitive": [
                "com.netflix.graphql.dgs:graphql-error-types"
            ],
            "locked": "25.0.beta-5"
        },
        "com.graphql-java:graphql-java-extended-scalars": {
            "locked": "22.0"
        },
        "com.graphql-java:java-dataloader": {
            "locked": "5.0.3"
        },
        "com.jayway.jsonpath:json-path": {
            "locked": "2.9.0"
        },
        "com.netflix.graphql.dgs:graphql-dgs-platform": {
            "firstLevelTransitive": [
                "com.netflix.graphql.dgs:graphql-error-types"
            ],
            "project": true
        },
        "com.netflix.graphql.dgs:graphql-error-types": {
            "project": true
        },
        "io.micrometer:context-propagation": {
            "locked": "1.2.0-M1"
        },
        "io.mockk:mockk": {
            "locked": "1.14.6"
        },
        "io.projectreactor:reactor-core": {
            "locked": "3.8.0-M7"
        },
        "io.projectreactor:reactor-test": {
            "locked": "3.8.0-M7"
        },
        "org.jetbrains.kotlin:kotlin-reflect": {
            "locked": "2.2.20"
        },
        "org.jetbrains.kotlin:kotlin-stdlib": {
            "firstLevelTransitive": [
                "com.netflix.graphql.dgs:graphql-error-types"
            ],
            "locked": "2.2.20"
        },
        "org.jetbrains.kotlinx:kotlinx-coroutines-core": {
            "locked": "1.10.2"
        },
        "org.jetbrains.kotlinx:kotlinx-coroutines-reactor": {
            "locked": "1.10.2"
        },
        "org.jetbrains.kotlinx:kotlinx-coroutines-test": {
            "locked": "1.10.2"
        },
        "org.jetbrains:annotations": {
            "firstLevelTransitive": [
                "com.netflix.graphql.dgs:graphql-error-types"
            ],
            "locked": "26.0.2-1"
        },
        "org.junit.jupiter:junit-jupiter": {
            "locked": "5.13.4"
        },
        "org.junit.platform:junit-platform-launcher": {
            "locked": "1.13.4"
        },
        "org.junit:junit-bom": {
            "locked": "5.13.4"
        },
        "org.openjdk.jmh:jmh-core": {
            "locked": "1.37"
        },
        "org.openjdk.jmh:jmh-generator-annprocess": {
            "locked": "1.37"
        },
        "org.openjdk.jmh:jmh-generator-bytecode": {
            "locked": "1.36"
        },
        "org.slf4j:slf4j-api": {
            "firstLevelTransitive": [
                "com.netflix.graphql.dgs:graphql-error-types"
            ],
            "locked": "2.0.17"
        },
        "org.springframework.boot:spring-boot-starter-test": {
            "locked": "4.0.0-M3"
        },
        "org.springframework.security:spring-security-core": {
            "locked": "7.0.0-M3"
        },
        "org.springframework:spring-context": {
            "locked": "7.0.0-M9"
        },
        "org.springframework:spring-web": {
            "locked": "7.0.0-M9"
        }
    },
    "kotlinBouncyCastleConfiguration": {
        "org.bouncycastle:bcpg-jdk18on": {
            "locked": "1.80"
        },
        "org.bouncycastle:bcpkix-jdk18on": {
            "locked": "1.80"
        }
    },
    "kotlinCompilerClasspath": {
        "org.jetbrains.kotlin:kotlin-compiler-embeddable": {
            "locked": "2.2.20"
        }
    },
    "kotlinCompilerPluginClasspathJmh": {
        "org.jetbrains.kotlin:kotlin-scripting-compiler-embeddable": {
            "locked": "2.2.20"
        }
    },
    "kotlinCompilerPluginClasspathMain": {
        "org.jetbrains.kotlin:kotlin-scripting-compiler-embeddable": {
            "locked": "2.2.20"
        }
    },
    "kotlinCompilerPluginClasspathTest": {
        "org.jetbrains.kotlin:kotlin-scripting-compiler-embeddable": {
            "locked": "2.2.20"
        }
    },
    "kotlinInternalAbiValidation": {
        "org.jetbrains.kotlin:abi-tools": {
            "locked": "2.2.20"
        }
    },
    "kotlinKlibCommonizerClasspath": {
        "org.jetbrains.kotlin:kotlin-klib-commonizer-embeddable": {
            "locked": "2.2.20"
        }
    },
    "ktlint": {
        "com.pinterest.ktlint:ktlint-cli": {
            "locked": "1.5.0"
        },
        "io.github.detekt.sarif4k:sarif4k": {
            "locked": "0.5.0"
        },
        "io.github.oshai:kotlin-logging": {
            "locked": "5.1.0"
        }
    },
    "ktlintBaselineReporter": {
        "com.pinterest.ktlint:ktlint-cli-reporter-baseline": {
            "locked": "1.5.0"
        },
        "io.github.oshai:kotlin-logging": {
            "locked": "5.1.0"
        }
    },
    "ktlintReporter": {
        "io.github.detekt.sarif4k:sarif4k": {
            "locked": "0.5.0"
        },
        "io.github.oshai:kotlin-logging": {
            "locked": "5.1.0"
        }
    },
    "ktlintRuleset": {
        "com.pinterest.ktlint:ktlint-ruleset-standard": {
            "locked": "1.5.0"
        }
    },
    "runtimeClasspath": {
        "com.apollographql.federation:federation-graphql-java-support": {
            "locked": "5.3.0"
        },
        "com.fasterxml.jackson.datatype:jackson-datatype-jsr310": {
            "locked": "2.20.0"
        },
        "com.fasterxml.jackson.module:jackson-module-kotlin": {
            "locked": "2.20.0"
        },
        "com.graphql-java:graphql-java": {
            "firstLevelTransitive": [
                "com.netflix.graphql.dgs:graphql-error-types"
            ],
            "locked": "25.0.beta-5"
        },
        "com.graphql-java:java-dataloader": {
            "locked": "5.0.3"
        },
        "com.jayway.jsonpath:json-path": {
            "locked": "2.9.0"
        },
        "com.netflix.graphql.dgs:graphql-dgs-platform": {
            "firstLevelTransitive": [
                "com.netflix.graphql.dgs:graphql-error-types"
            ],
            "project": true
        },
        "com.netflix.graphql.dgs:graphql-error-types": {
            "project": true
        },
        "io.micrometer:context-propagation": {
            "locked": "1.2.0-M1"
        },
        "org.jetbrains.kotlin:kotlin-reflect": {
            "locked": "2.2.20"
        },
        "org.jetbrains.kotlin:kotlin-stdlib": {
            "firstLevelTransitive": [
                "com.netflix.graphql.dgs:graphql-error-types"
            ],
            "locked": "2.2.20"
        },
        "org.jetbrains.kotlinx:kotlinx-coroutines-core": {
            "locked": "1.10.2"
        },
        "org.jetbrains.kotlinx:kotlinx-coroutines-reactor": {
            "locked": "1.10.2"
        },
        "org.jetbrains:annotations": {
            "firstLevelTransitive": [
                "com.netflix.graphql.dgs:graphql-error-types"
            ],
            "locked": "26.0.2-1"
        },
        "org.slf4j:slf4j-api": {
            "firstLevelTransitive": [
                "com.netflix.graphql.dgs:graphql-error-types"
            ],
            "locked": "2.0.17"
        },
        "org.springframework:spring-context": {
            "locked": "7.0.0-M9"
        },
        "org.springframework:spring-web": {
            "locked": "7.0.0-M9"
        }
    },
    "swiftExportClasspathResolvable": {
        "org.jetbrains.kotlin:swift-export-embeddable": {
            "locked": "2.2.20"
        }
    },
    "testCompileClasspath": {
        "com.apollographql.federation:federation-graphql-java-support": {
            "locked": "5.3.0"
        },
        "com.fasterxml.jackson.datatype:jackson-datatype-jsr310": {
            "locked": "2.20.0"
        },
        "com.fasterxml.jackson.module:jackson-module-kotlin": {
            "locked": "2.20.0"
        },
        "com.graphql-java:graphql-java": {
            "firstLevelTransitive": [
                "com.netflix.graphql.dgs:graphql-error-types"
            ],
            "locked": "25.0.beta-5"
        },
        "com.graphql-java:graphql-java-extended-scalars": {
            "locked": "22.0"
        },
        "com.graphql-java:java-dataloader": {
            "locked": "5.0.3"
        },
        "com.jayway.jsonpath:json-path": {
            "locked": "2.9.0"
        },
        "com.netflix.graphql.dgs:graphql-dgs-platform": {
            "firstLevelTransitive": [
                "com.netflix.graphql.dgs:graphql-error-types"
            ],
            "project": true
        },
        "com.netflix.graphql.dgs:graphql-error-types": {
            "project": true
        },
        "io.micrometer:context-propagation": {
            "locked": "1.2.0-M1"
        },
        "io.mockk:mockk": {
            "locked": "1.14.6"
        },
        "io.projectreactor:reactor-core": {
            "locked": "3.8.0-M7"
        },
        "io.projectreactor:reactor-test": {
            "locked": "3.8.0-M7"
        },
        "org.jetbrains.kotlin:kotlin-reflect": {
            "locked": "2.2.20"
        },
        "org.jetbrains.kotlin:kotlin-stdlib": {
            "firstLevelTransitive": [
                "com.netflix.graphql.dgs:graphql-error-types"
            ],
            "locked": "2.2.20"
        },
        "org.jetbrains.kotlinx:kotlinx-coroutines-core": {
            "locked": "1.10.2"
        },
        "org.jetbrains.kotlinx:kotlinx-coroutines-reactor": {
            "locked": "1.10.2"
        },
        "org.jetbrains.kotlinx:kotlinx-coroutines-test": {
            "locked": "1.10.2"
        },
        "org.jetbrains:annotations": {
            "locked": "26.0.2-1"
        },
        "org.junit.jupiter:junit-jupiter": {
            "locked": "5.13.4"
        },
        "org.junit:junit-bom": {
            "locked": "5.13.4"
        },
        "org.slf4j:slf4j-api": {
            "locked": "2.0.17"
        },
        "org.springframework.boot:spring-boot-starter-test": {
            "locked": "4.0.0-M3"
        },
        "org.springframework.security:spring-security-core": {
            "locked": "7.0.0-M3"
        },
        "org.springframework:spring-context": {
            "locked": "7.0.0-M9"
        },
        "org.springframework:spring-web": {
            "locked": "7.0.0-M9"
        }
    },
    "testImplementationDependenciesMetadata": {
        "com.apollographql.federation:federation-graphql-java-support": {
            "locked": "5.3.0"
        },
        "com.fasterxml.jackson.datatype:jackson-datatype-jsr310": {
            "locked": "2.20.0"
        },
        "com.fasterxml.jackson.module:jackson-module-kotlin": {
            "locked": "2.20.0"
        },
        "com.graphql-java:graphql-java": {
            "firstLevelTransitive": [
                "com.netflix.graphql.dgs:graphql-error-types"
            ],
            "locked": "25.0.beta-5"
        },
        "com.graphql-java:graphql-java-extended-scalars": {
            "locked": "22.0"
        },
        "com.graphql-java:java-dataloader": {
            "locked": "5.0.3"
        },
        "com.jayway.jsonpath:json-path": {
            "locked": "2.9.0"
        },
        "com.netflix.graphql.dgs:graphql-dgs-platform": {
            "firstLevelTransitive": [
                "com.netflix.graphql.dgs:graphql-error-types"
            ],
            "project": true
        },
        "com.netflix.graphql.dgs:graphql-error-types": {
            "project": true
        },
        "io.micrometer:context-propagation": {
            "locked": "1.2.0-M1"
        },
        "io.mockk:mockk": {
            "locked": "1.14.6"
        },
        "io.projectreactor:reactor-core": {
            "locked": "3.8.0-M7"
        },
        "io.projectreactor:reactor-test": {
            "locked": "3.8.0-M7"
        },
        "org.jetbrains.kotlin:kotlin-reflect": {
            "locked": "2.2.20"
        },
        "org.jetbrains.kotlin:kotlin-stdlib": {
            "firstLevelTransitive": [
                "com.netflix.graphql.dgs:graphql-error-types"
            ],
            "locked": "2.2.20"
        },
        "org.jetbrains.kotlinx:kotlinx-coroutines-core": {
            "locked": "1.10.2"
        },
        "org.jetbrains.kotlinx:kotlinx-coroutines-reactor": {
            "locked": "1.10.2"
        },
        "org.jetbrains.kotlinx:kotlinx-coroutines-test": {
            "locked": "1.10.2"
        },
        "org.jetbrains:annotations": {
            "locked": "26.0.2-1"
        },
        "org.junit.jupiter:junit-jupiter": {
            "locked": "5.13.4"
        },
        "org.junit:junit-bom": {
            "locked": "5.13.4"
        },
        "org.slf4j:slf4j-api": {
            "locked": "2.0.17"
        },
        "org.springframework.boot:spring-boot-starter-test": {
            "locked": "4.0.0-M3"
        },
        "org.springframework.security:spring-security-core": {
            "locked": "7.0.0-M3"
        },
        "org.springframework:spring-context": {
            "locked": "7.0.0-M9"
        },
        "org.springframework:spring-web": {
            "locked": "7.0.0-M9"
        }
    },
    "testRuntimeClasspath": {
        "com.apollographql.federation:federation-graphql-java-support": {
            "locked": "5.3.0"
        },
        "com.fasterxml.jackson.datatype:jackson-datatype-jsr310": {
            "locked": "2.20.0"
        },
        "com.fasterxml.jackson.module:jackson-module-kotlin": {
            "locked": "2.20.0"
        },
        "com.graphql-java:graphql-java": {
            "firstLevelTransitive": [
                "com.netflix.graphql.dgs:graphql-error-types"
            ],
            "locked": "25.0.beta-5"
        },
        "com.graphql-java:graphql-java-extended-scalars": {
            "locked": "22.0"
        },
        "com.graphql-java:java-dataloader": {
            "locked": "5.0.3"
        },
        "com.jayway.jsonpath:json-path": {
            "locked": "2.9.0"
        },
        "com.netflix.graphql.dgs:graphql-dgs-platform": {
            "firstLevelTransitive": [
                "com.netflix.graphql.dgs:graphql-error-types"
            ],
            "project": true
        },
        "com.netflix.graphql.dgs:graphql-error-types": {
            "project": true
        },
        "io.micrometer:context-propagation": {
            "locked": "1.2.0-M1"
        },
        "io.mockk:mockk": {
            "locked": "1.14.6"
        },
        "io.projectreactor:reactor-core": {
            "locked": "3.8.0-M7"
        },
        "io.projectreactor:reactor-test": {
            "locked": "3.8.0-M7"
        },
        "org.jetbrains.kotlin:kotlin-reflect": {
            "locked": "2.2.20"
        },
        "org.jetbrains.kotlin:kotlin-stdlib": {
            "firstLevelTransitive": [
                "com.netflix.graphql.dgs:graphql-error-types"
            ],
            "locked": "2.2.20"
        },
        "org.jetbrains.kotlinx:kotlinx-coroutines-core": {
            "locked": "1.10.2"
        },
        "org.jetbrains.kotlinx:kotlinx-coroutines-reactor": {
            "locked": "1.10.2"
        },
        "org.jetbrains.kotlinx:kotlinx-coroutines-test": {
            "locked": "1.10.2"
        },
        "org.jetbrains:annotations": {
            "firstLevelTransitive": [
                "com.netflix.graphql.dgs:graphql-error-types"
            ],
            "locked": "26.0.2-1"
        },
        "org.junit.jupiter:junit-jupiter": {
            "locked": "5.13.4"
        },
        "org.junit.platform:junit-platform-launcher": {
            "locked": "1.13.4"
        },
        "org.junit:junit-bom": {
            "locked": "5.13.4"
        },
        "org.slf4j:slf4j-api": {
            "firstLevelTransitive": [
                "com.netflix.graphql.dgs:graphql-error-types"
            ],
            "locked": "2.0.17"
        },
        "org.springframework.boot:spring-boot-starter-test": {
            "locked": "4.0.0-M3"
        },
        "org.springframework.security:spring-security-core": {
            "locked": "7.0.0-M3"
        },
        "org.springframework:spring-context": {
            "locked": "7.0.0-M9"
        },
        "org.springframework:spring-web": {
            "locked": "7.0.0-M9"
        }
    }
}