{
    "classpath": {
        "com.netflix.graphql.dgs:graphql-dgs-platform": {
            "project": true
        }
    },
    "nebulaRecommenderBom": {
        "com.fasterxml.jackson:jackson-bom": {
            "locked": "2.12.3"
        },
        "org.jetbrains.kotlin:kotlin-bom": {
            "locked": "1.4.32"
        },
        "org.springframework.boot:spring-boot-dependencies": {
            "locked": "2.5.1"
        },
        "org.springframework.cloud:spring-cloud-dependencies": {
            "locked": "Hoxton.SR10"
        },
        "org.springframework.security:spring-security-bom": {
            "locked": "5.3.9.RELEASE"
        },
        "org.springframework:spring-framework-bom": {
            "locked": "5.2.13.RELEASE"
        }
    }
}